
Microsoft Visual Studio Solution File, Format Version 12.00
# Visual Studio 2013
VisualStudioVersion = 12.0.40629.0
MinimumVisualStudioVersion = 10.0.40219.1
Project("{FAE04EC0-301F-11D3-BF4B-00C04F79EFBC}") = "Lighter.Client", "Lighter.Client\Lighter.Client.csproj", "{311A97A2-AF39-411D-9658-0D0E70EE01C6}"
EndProject
Project("{2150E333-8FDC-42A3-9474-1A3956D46DE8}") = "Modules", "Modules", "{AB657AEF-76E9-4AC6-BA18-47722A14C0FB}"
EndProject
Project("{FAE04EC0-301F-11D3-BF4B-00C04F79EFBC}") = "Client.Module.Base", "ModuleBase\Client.Module.Base.csproj", "{D3701425-F12B-4F1E-B783-440597D4DBE5}"
EndProject
Project("{FAE04EC0-301F-11D3-BF4B-00C04F79EFBC}") = "Client.Module.Common", "Module.Common\Client.Module.Common.csproj", "{6AA25A6B-7765-4D74-BDEE-1E9D36197E4E}"
EndProject
Project("{FAE04EC0-301F-11D3-BF4B-00C04F79EFBC}") = "Client.Module.UserManager", "Module.UserManager\Client.Module.UserManager.csproj", "{63EE0BE6-87C5-4015-91A3-DB20A6E27C9A}"
EndProject
Project("{FAE04EC0-301F-11D3-BF4B-00C04F79EFBC}") = "Lighter.Client.Infrastructure", "Lighter.Infrastructure\Lighter.Client.Infrastructure.csproj", "{534D59E2-CBE6-413E-BD58-51C9EC814C24}"
EndProject
Project("{2150E333-8FDC-42A3-9474-1A3956D46DE8}") = "Prism4.1", "Prism4.1", "{8A29FBBC-928A-43C0-B089-C79DE60115EB}"
EndProject
Project("{2150E333-8FDC-42A3-9474-1A3956D46DE8}") = "Client", "Client", "{9C89F7D0-6B18-4FE7-8C34-8556142A371F}"
EndProject
Project("{2150E333-8FDC-42A3-9474-1A3956D46DE8}") = "Server", "Server", "{41915677-D287-4605-84E2-FB23C0E4D93F}"
EndProject
Project("{FAE04EC0-301F-11D3-BF4B-00C04F79EFBC}") = "Lighter.Server", "Lighter.Server\Lighter.Server.csproj", "{17495B30-0DC2-4D50-B9C9-E466542814D6}"
EndProject
Project("{2150E333-8FDC-42A3-9474-1A3956D46DE8}") = "Common", "Common", "{BCEFE150-9072-4047-AC13-A73012DC5B81}"
EndProject
Project("{2150E333-8FDC-42A3-9474-1A3956D46DE8}") = "ServicesManager", "ServicesManager", "{3E62E7DA-A7CA-4536-A661-83138DF4E410}"
EndProject
Project("{2150E333-8FDC-42A3-9474-1A3956D46DE8}") = "Infrastructure", "Infrastructure", "{CA05379E-B1D3-49A6-BE3C-1E5819947E3A}"
EndProject
Project("{FAE04EC0-301F-11D3-BF4B-00C04F79EFBC}") = "Lighter.Server.Infrastructure", "Lighter.Server.Infrastructure\Lighter.Server.Infrastructure.csproj", "{3A10BDA4-D0BB-46E1-B560-35443D863E7B}"
EndProject
Project("{FAE04EC0-301F-11D3-BF4B-00C04F79EFBC}") = "Utility", "Utility\Utility.csproj", "{691746DD-2EE5-4678-B001-275D84AF8D10}"
EndProject
Project("{FAE04EC0-301F-11D3-BF4B-00C04F79EFBC}") = "Prism.Desktop", "Prism4.1\Prism\Prism.Desktop.csproj", "{77138947-1D13-4E22-AEE0-5D0DD046CA34}"
EndProject
Project("{FAE04EC0-301F-11D3-BF4B-00C04F79EFBC}") = "Prism.Interactivity", "Prism4.1\Prism.Interactivity\Prism.Interactivity.csproj", "{DE856812-A32C-4866-801E-AF396D711942}"
EndProject
Project("{FAE04EC0-301F-11D3-BF4B-00C04F79EFBC}") = "Prism.MefExtensions.Desktop", "Prism4.1\Prism.MefExtensions\Prism.MefExtensions.Desktop.csproj", "{6ED61550-8E7A-42C6-9B30-380C6F97ED55}"
EndProject
Project("{FAE04EC0-301F-11D3-BF4B-00C04F79EFBC}") = "Lighter.ServiceManager", "Lighter.ServiceHostManager\Lighter.ServiceManager.csproj", "{63C2168C-61F6-40ED-9933-CB0AF8297A3C}"
EndProject
Project("{2150E333-8FDC-42A3-9474-1A3956D46DE8}") = "Infrastructure", "Infrastructure", "{F87F5B35-3799-421B-95F6-3824AB6A3743}"
EndProject
Project("{2150E333-8FDC-42A3-9474-1A3956D46DE8}") = "Services", "Services", "{79A24E5B-14B9-494B-80B4-ADAF39695065}"
EndProject
Project("{2150E333-8FDC-42A3-9474-1A3956D46DE8}") = "MainService", "MainService", "{E49C9F1F-3951-404D-924E-48A87CD38D49}"
EndProject
Project("{2150E333-8FDC-42A3-9474-1A3956D46DE8}") = "BaseService", "BaseService", "{C5971A45-9936-4AA9-8DED-BBC89B212199}"
EndProject
Project("{FAE04EC0-301F-11D3-BF4B-00C04F79EFBC}") = "Lighter.MainService", "Server.Services\MainService\Lighter.MainService\Lighter.MainService.csproj", "{8C7671BF-8C23-4227-BEE6-29ABEF882CDA}"
EndProject
Project("{FAE04EC0-301F-11D3-BF4B-00C04F79EFBC}") = "Lighter.MainService.Interface", "Server.Services\MainService\Lighter.MainService.Interface\Lighter.MainService.Interface.csproj", "{B2139C11-8744-4AD8-8DF9-4D6997FBBE52}"
EndProject
Project("{FAE04EC0-301F-11D3-BF4B-00C04F79EFBC}") = "Lighter.MainService.Model", "Server.Services\MainService\Lighter.MainService.Model\Lighter.MainService.Model.csproj", "{B7AFADD1-D9F8-4C10-B789-4DF50FBE93FB}"
EndProject
Project("{2150E333-8FDC-42A3-9474-1A3956D46DE8}") = "Test", "Test", "{1D191F02-C157-428D-AA44-B62E48E44840}"
EndProject
Project("{2150E333-8FDC-42A3-9474-1A3956D46DE8}") = "Server", "Server", "{C3A1F1B2-3B8C-4E31-9523-CA6049B035BE}"
EndProject
Project("{FAE04EC0-301F-11D3-BF4B-00C04F79EFBC}") = "ExportServiceHostManagerTest", "Test\Server\ExportServiceHostManagerTest\ExportServiceHostManagerTest.csproj", "{31769B78-09A7-4423-AE6F-CFD1A420DCDF}"
EndProject
Project("{FAE04EC0-301F-11D3-BF4B-00C04F79EFBC}") = "ExportServiceHostManagerTest-Client", "Test\Server\ExportServiceHostManagerTest-Client\ExportServiceHostManagerTest-Client.csproj", "{1A2CC489-5477-4624-BF26-6AB2A46D7C9C}"
EndProject
Project("{2150E333-8FDC-42A3-9474-1A3956D46DE8}") = "LoginService", "LoginService", "{6AF55250-F7D6-4DC0-A387-745F17960576}"
EndProject
Project("{FAE04EC0-301F-11D3-BF4B-00C04F79EFBC}") = "Lighter.LoginService", "Server.Services\LoginService\Lighter.LoginService\Lighter.LoginService.csproj", "{ED970871-8D95-41DD-B3AA-7E92A44813E7}"
EndProject
Project("{FAE04EC0-301F-11D3-BF4B-00C04F79EFBC}") = "Lighter.LoginService.Interface", "Server.Services\LoginService\Lighter.LoginService.Interface\Lighter.LoginService.Interface.csproj", "{45C383AC-64A2-46FB-9055-B0B31422A0EA}"
EndProject
Project("{FAE04EC0-301F-11D3-BF4B-00C04F79EFBC}") = "Lighter.LoginService.Model", "Server.Services\LoginService\Lighter.LoginService.Model\Lighter.LoginService.Model.csproj", "{5AA1607E-3502-4DD0-9A68-D438AE1B2E8B}"
EndProject
Project("{FAE04EC0-301F-11D3-BF4B-00C04F79EFBC}") = "Microsoft.Practices.ServiceLocation", "Prism4.1\Microsoft.Practices.ServiceLocation\Microsoft.Practices.ServiceLocation.csproj", "{FAF6D6B2-1EC9-4A1B-83BB-48F772E948CF}"
EndProject
Project("{2150E333-8FDC-42A3-9474-1A3956D46DE8}") = "ModuleServices", "ModuleServices", "{43435415-BA31-4E50-A921-55F6F5DEE654}"
EndProject
Project("{FAE04EC0-301F-11D3-BF4B-00C04F79EFBC}") = "Lighter.Server.Common", "Lighter.Server.Common\Lighter.Server.Common.csproj", "{F217FB06-ECFC-499A-B34C-1E288BDD1E0F}"
EndProject
Project("{2150E333-8FDC-42A3-9474-1A3956D46DE8}") = "DALModel", "DALModel", "{7B2293B5-CE2C-4018-999E-E3FA3FAB7456}"
EndProject
Project("{FAE04EC0-301F-11D3-BF4B-00C04F79EFBC}") = "Lighter.ModuleServiceBase", "Server.Services\ModuleService\Lighter.Server.ModuleServiceBase\Lighter.ModuleServiceBase.csproj", "{1539D82F-D447-4671-AEDD-B3F76A4FE118}"
EndProject
Project("{FAE04EC0-301F-11D3-BF4B-00C04F79EFBC}") = "Lighter.UserManagerService", "Server.Services\ModuleService\Lighter.Server.UserManagerService\Lighter.UserManagerService.csproj", "{FA2CD47A-E367-4B06-A7CD-DD5363A84AEA}"
EndProject
Project("{2150E333-8FDC-42A3-9474-1A3956D46DE8}") = "UserManager", "UserManager", "{7CA71734-A224-48DE-9099-8D3043284972}"
EndProject
Project("{FAE04EC0-301F-11D3-BF4B-00C04F79EFBC}") = "Lighter.UserManagerService.Interface", "Server.Services\ModuleService\Lighter.Server.UserManagerService.Interface\Lighter.UserManagerService.Interface.csproj", "{B993CDAD-46C4-4F55-BF31-8776370B8A01}"
EndProject
Project("{FAE04EC0-301F-11D3-BF4B-00C04F79EFBC}") = "Lighter.Data", "Lighter.Data\Lighter.Data.csproj", "{8936CFBB-3B0C-48A2-8AFA-6F80D0181CE0}"
EndProject
Project("{FAE04EC0-301F-11D3-BF4B-00C04F79EFBC}") = "Lighter.UserManagerService.Model", "Server.Services\ModuleService\Lighter.UserManagerService.Model\Lighter.UserManagerService.Model.csproj", "{FC03D1FC-01B8-47BF-BB7B-66168880B415}"
EndProject
Project("{FAE04EC0-301F-11D3-BF4B-00C04F79EFBC}") = "Lighter.ModuleServiceBase.Interface", "Server.Services\ModuleService\Lighter.ModuleServiceBase.Interface\Lighter.ModuleServiceBase.Interface.csproj", "{D154F4B5-F4AD-430A-8DC7-3FDDE4EC536F}"
EndProject
Project("{FAE04EC0-301F-11D3-BF4B-00C04F79EFBC}") = "Lighter.ModuleServiceBase.Model", "Server.Services\ModuleService\Lighter.ModuleServiceBase.Model\Lighter.ModuleServiceBase.Model.csproj", "{3D9CDCE1-69CB-460B-A4E1-4C024BCB2A20}"
EndProject
Project("{FAE04EC0-301F-11D3-BF4B-00C04F79EFBC}") = "Lighter.ServiceManager.Interface", "Lighter.ServiceManager.Interface\Lighter.ServiceManager.Interface.csproj", "{8AB4E570-8B1A-4E5F-ACE5-F13BFD83487C}"
EndProject
Project("{2150E333-8FDC-42A3-9474-1A3956D46DE8}") = "ServiceEvents", "ServiceEvents", "{63DF0CC4-4B47-4949-ADB1-3FE838A7A5BE}"
EndProject
Project("{FAE04EC0-301F-11D3-BF4B-00C04F79EFBC}") = "Lighter.ServerEvents", "Lighter.ServerEvents\Lighter.ServerEvents.csproj", "{2851AB75-6CC0-4037-90C2-AF8F2034FB02}"
EndProject
Project("{2150E333-8FDC-42A3-9474-1A3956D46DE8}") = "Tools", "Tools", "{14E2F78C-981C-4D4D-8B52-4A7BD5D8225C}"
EndProject
Project("{FAE04EC0-301F-11D3-BF4B-00C04F79EFBC}") = "Lighter.BaseService", "Server.Services\BaseService\Lighter.BaseService\Lighter.BaseService.csproj", "{C2CB4A86-B77F-4D92-BB2B-DF7D90322E78}"
EndProject
Project("{FAE04EC0-301F-11D3-BF4B-00C04F79EFBC}") = "Lighter.BaseService.Interface", "Server.Services\BaseService\Lighter.BaseService.Interface\Lighter.BaseService.Interface.csproj", "{1EDC39F5-2612-4AD2-A7A6-2828B621E523}"
EndProject
Project("{FAE04EC0-301F-11D3-BF4B-00C04F79EFBC}") = "Lighter.Home_MsSqlEFDbContextProvider", "Lighter.EFDbContextProvider\Lighter.Home_MsSqlEFDbContextProvider\Lighter.Home_MsSqlEFDbContextProvider.csproj", "{17FEE353-DEA7-47D5-AF8E-80E57806D65E}"
EndProject
Project("{FAE04EC0-301F-11D3-BF4B-00C04F79EFBC}") = "Lighter.MsSqlEFDbContextProvider", "Lighter.EFDbContextProvider\Lighter.MsSqlEFDbContextProvider\Lighter.MsSqlEFDbContextProvider.csproj", "{4024DBCB-AD5E-42DD-BA2C-5ADD791C95F7}"
EndProject
Project("{2150E333-8FDC-42A3-9474-1A3956D46DE8}") = "AutoMapper3.3.1", "AutoMapper3.3.1", "{FF45F93E-4E0B-49A7-AADC-A6B312DF1478}"
EndProject
Project("{FAE04EC0-301F-11D3-BF4B-00C04F79EFBC}") = "AutoMapper", "AutoMapper3.3.1\AutoMapper.csproj", "{DDF551F9-B27D-4283-BFA0-E7068E05967D}"
EndProject
Project("{FAE04EC0-301F-11D3-BF4B-00C04F79EFBC}") = "AutoMapper.Net4", "AutoMapper3.3.1\AutoMapper.Net4.csproj", "{8C955148-FA96-4F0D-880D-ABB6770F54E9}"
EndProject
Global
	GlobalSection(SolutionConfigurationPlatforms) = preSolution
		Debug|Any CPU = Debug|Any CPU
		Debug|Mixed Platforms = Debug|Mixed Platforms
		Debug|x86 = Debug|x86
		Release|Any CPU = Release|Any CPU
		Release|Mixed Platforms = Release|Mixed Platforms
		Release|x86 = Release|x86
		ReleaseWin8|Any CPU = ReleaseWin8|Any CPU
		ReleaseWin8|Mixed Platforms = ReleaseWin8|Mixed Platforms
		ReleaseWin8|x86 = ReleaseWin8|x86
	EndGlobalSection
	GlobalSection(ProjectConfigurationPlatforms) = postSolution
		{311A97A2-AF39-411D-9658-0D0E70EE01C6}.Debug|Any CPU.ActiveCfg = Debug|x86
		{311A97A2-AF39-411D-9658-0D0E70EE01C6}.Debug|Mixed Platforms.ActiveCfg = Debug|x86
		{311A97A2-AF39-411D-9658-0D0E70EE01C6}.Debug|Mixed Platforms.Build.0 = Debug|x86
		{311A97A2-AF39-411D-9658-0D0E70EE01C6}.Debug|x86.ActiveCfg = Debug|x86
		{311A97A2-AF39-411D-9658-0D0E70EE01C6}.Debug|x86.Build.0 = Debug|x86
		{311A97A2-AF39-411D-9658-0D0E70EE01C6}.Release|Any CPU.ActiveCfg = Release|x86
		{311A97A2-AF39-411D-9658-0D0E70EE01C6}.Release|Mixed Platforms.ActiveCfg = Release|x86
		{311A97A2-AF39-411D-9658-0D0E70EE01C6}.Release|Mixed Platforms.Build.0 = Release|x86
		{311A97A2-AF39-411D-9658-0D0E70EE01C6}.Release|x86.ActiveCfg = Release|x86
		{311A97A2-AF39-411D-9658-0D0E70EE01C6}.Release|x86.Build.0 = Release|x86
		{311A97A2-AF39-411D-9658-0D0E70EE01C6}.ReleaseWin8|Any CPU.ActiveCfg = Release|x86
		{311A97A2-AF39-411D-9658-0D0E70EE01C6}.ReleaseWin8|Mixed Platforms.ActiveCfg = Release|x86
		{311A97A2-AF39-411D-9658-0D0E70EE01C6}.ReleaseWin8|Mixed Platforms.Build.0 = Release|x86
		{311A97A2-AF39-411D-9658-0D0E70EE01C6}.ReleaseWin8|x86.ActiveCfg = Release|x86
		{311A97A2-AF39-411D-9658-0D0E70EE01C6}.ReleaseWin8|x86.Build.0 = Release|x86
		{D3701425-F12B-4F1E-B783-440597D4DBE5}.Debug|Any CPU.ActiveCfg = Debug|Any CPU
		{D3701425-F12B-4F1E-B783-440597D4DBE5}.Debug|Any CPU.Build.0 = Debug|Any CPU
		{D3701425-F12B-4F1E-B783-440597D4DBE5}.Debug|Mixed Platforms.ActiveCfg = Debug|Any CPU
		{D3701425-F12B-4F1E-B783-440597D4DBE5}.Debug|Mixed Platforms.Build.0 = Debug|Any CPU
		{D3701425-F12B-4F1E-B783-440597D4DBE5}.Debug|x86.ActiveCfg = Debug|Any CPU
		{D3701425-F12B-4F1E-B783-440597D4DBE5}.Release|Any CPU.ActiveCfg = Release|Any CPU
		{D3701425-F12B-4F1E-B783-440597D4DBE5}.Release|Any CPU.Build.0 = Release|Any CPU
		{D3701425-F12B-4F1E-B783-440597D4DBE5}.Release|Mixed Platforms.ActiveCfg = Release|Any CPU
		{D3701425-F12B-4F1E-B783-440597D4DBE5}.Release|Mixed Platforms.Build.0 = Release|Any CPU
		{D3701425-F12B-4F1E-B783-440597D4DBE5}.Release|x86.ActiveCfg = Release|Any CPU
		{D3701425-F12B-4F1E-B783-440597D4DBE5}.ReleaseWin8|Any CPU.ActiveCfg = Release|Any CPU
		{D3701425-F12B-4F1E-B783-440597D4DBE5}.ReleaseWin8|Any CPU.Build.0 = Release|Any CPU
		{D3701425-F12B-4F1E-B783-440597D4DBE5}.ReleaseWin8|Mixed Platforms.ActiveCfg = Release|Any CPU
		{D3701425-F12B-4F1E-B783-440597D4DBE5}.ReleaseWin8|Mixed Platforms.Build.0 = Release|Any CPU
		{D3701425-F12B-4F1E-B783-440597D4DBE5}.ReleaseWin8|x86.ActiveCfg = Release|Any CPU
		{6AA25A6B-7765-4D74-BDEE-1E9D36197E4E}.Debug|Any CPU.ActiveCfg = Debug|Any CPU
		{6AA25A6B-7765-4D74-BDEE-1E9D36197E4E}.Debug|Any CPU.Build.0 = Debug|Any CPU
		{6AA25A6B-7765-4D74-BDEE-1E9D36197E4E}.Debug|Mixed Platforms.ActiveCfg = Debug|Any CPU
		{6AA25A6B-7765-4D74-BDEE-1E9D36197E4E}.Debug|Mixed Platforms.Build.0 = Debug|Any CPU
		{6AA25A6B-7765-4D74-BDEE-1E9D36197E4E}.Debug|x86.ActiveCfg = Debug|Any CPU
		{6AA25A6B-7765-4D74-BDEE-1E9D36197E4E}.Release|Any CPU.ActiveCfg = Release|Any CPU
		{6AA25A6B-7765-4D74-BDEE-1E9D36197E4E}.Release|Any CPU.Build.0 = Release|Any CPU
		{6AA25A6B-7765-4D74-BDEE-1E9D36197E4E}.Release|Mixed Platforms.ActiveCfg = Release|Any CPU
		{6AA25A6B-7765-4D74-BDEE-1E9D36197E4E}.Release|Mixed Platforms.Build.0 = Release|Any CPU
		{6AA25A6B-7765-4D74-BDEE-1E9D36197E4E}.Release|x86.ActiveCfg = Release|Any CPU
		{6AA25A6B-7765-4D74-BDEE-1E9D36197E4E}.ReleaseWin8|Any CPU.ActiveCfg = Release|Any CPU
		{6AA25A6B-7765-4D74-BDEE-1E9D36197E4E}.ReleaseWin8|Any CPU.Build.0 = Release|Any CPU
		{6AA25A6B-7765-4D74-BDEE-1E9D36197E4E}.ReleaseWin8|Mixed Platforms.ActiveCfg = Release|Any CPU
		{6AA25A6B-7765-4D74-BDEE-1E9D36197E4E}.ReleaseWin8|Mixed Platforms.Build.0 = Release|Any CPU
		{6AA25A6B-7765-4D74-BDEE-1E9D36197E4E}.ReleaseWin8|x86.ActiveCfg = Release|Any CPU
		{63EE0BE6-87C5-4015-91A3-DB20A6E27C9A}.Debug|Any CPU.ActiveCfg = Debug|Any CPU
		{63EE0BE6-87C5-4015-91A3-DB20A6E27C9A}.Debug|Any CPU.Build.0 = Debug|Any CPU
		{63EE0BE6-87C5-4015-91A3-DB20A6E27C9A}.Debug|Mixed Platforms.ActiveCfg = Debug|Any CPU
		{63EE0BE6-87C5-4015-91A3-DB20A6E27C9A}.Debug|Mixed Platforms.Build.0 = Debug|Any CPU
		{63EE0BE6-87C5-4015-91A3-DB20A6E27C9A}.Debug|x86.ActiveCfg = Debug|Any CPU
		{63EE0BE6-87C5-4015-91A3-DB20A6E27C9A}.Release|Any CPU.ActiveCfg = Release|Any CPU
		{63EE0BE6-87C5-4015-91A3-DB20A6E27C9A}.Release|Any CPU.Build.0 = Release|Any CPU
		{63EE0BE6-87C5-4015-91A3-DB20A6E27C9A}.Release|Mixed Platforms.ActiveCfg = Release|Any CPU
		{63EE0BE6-87C5-4015-91A3-DB20A6E27C9A}.Release|Mixed Platforms.Build.0 = Release|Any CPU
		{63EE0BE6-87C5-4015-91A3-DB20A6E27C9A}.Release|x86.ActiveCfg = Release|Any CPU
		{63EE0BE6-87C5-4015-91A3-DB20A6E27C9A}.ReleaseWin8|Any CPU.ActiveCfg = Release|Any CPU
		{63EE0BE6-87C5-4015-91A3-DB20A6E27C9A}.ReleaseWin8|Any CPU.Build.0 = Release|Any CPU
		{63EE0BE6-87C5-4015-91A3-DB20A6E27C9A}.ReleaseWin8|Mixed Platforms.ActiveCfg = Release|Any CPU
		{63EE0BE6-87C5-4015-91A3-DB20A6E27C9A}.ReleaseWin8|Mixed Platforms.Build.0 = Release|Any CPU
		{63EE0BE6-87C5-4015-91A3-DB20A6E27C9A}.ReleaseWin8|x86.ActiveCfg = Release|Any CPU
		{534D59E2-CBE6-413E-BD58-51C9EC814C24}.Debug|Any CPU.ActiveCfg = Debug|Any CPU
		{534D59E2-CBE6-413E-BD58-51C9EC814C24}.Debug|Any CPU.Build.0 = Debug|Any CPU
		{534D59E2-CBE6-413E-BD58-51C9EC814C24}.Debug|Mixed Platforms.ActiveCfg = Debug|Any CPU
		{534D59E2-CBE6-413E-BD58-51C9EC814C24}.Debug|Mixed Platforms.Build.0 = Debug|Any CPU
		{534D59E2-CBE6-413E-BD58-51C9EC814C24}.Debug|x86.ActiveCfg = Debug|Any CPU
		{534D59E2-CBE6-413E-BD58-51C9EC814C24}.Release|Any CPU.ActiveCfg = Release|Any CPU
		{534D59E2-CBE6-413E-BD58-51C9EC814C24}.Release|Any CPU.Build.0 = Release|Any CPU
		{534D59E2-CBE6-413E-BD58-51C9EC814C24}.Release|Mixed Platforms.ActiveCfg = Release|Any CPU
		{534D59E2-CBE6-413E-BD58-51C9EC814C24}.Release|Mixed Platforms.Build.0 = Release|Any CPU
		{534D59E2-CBE6-413E-BD58-51C9EC814C24}.Release|x86.ActiveCfg = Release|Any CPU
		{534D59E2-CBE6-413E-BD58-51C9EC814C24}.ReleaseWin8|Any CPU.ActiveCfg = Release|Any CPU
		{534D59E2-CBE6-413E-BD58-51C9EC814C24}.ReleaseWin8|Any CPU.Build.0 = Release|Any CPU
		{534D59E2-CBE6-413E-BD58-51C9EC814C24}.ReleaseWin8|Mixed Platforms.ActiveCfg = Release|Any CPU
		{534D59E2-CBE6-413E-BD58-51C9EC814C24}.ReleaseWin8|Mixed Platforms.Build.0 = Release|Any CPU
		{534D59E2-CBE6-413E-BD58-51C9EC814C24}.ReleaseWin8|x86.ActiveCfg = Release|Any CPU
		{17495B30-0DC2-4D50-B9C9-E466542814D6}.Debug|Any CPU.ActiveCfg = Debug|Any CPU
		{17495B30-0DC2-4D50-B9C9-E466542814D6}.Debug|Any CPU.Build.0 = Debug|Any CPU
		{17495B30-0DC2-4D50-B9C9-E466542814D6}.Debug|Mixed Platforms.ActiveCfg = Debug|Any CPU
		{17495B30-0DC2-4D50-B9C9-E466542814D6}.Debug|Mixed Platforms.Build.0 = Debug|Any CPU
		{17495B30-0DC2-4D50-B9C9-E466542814D6}.Debug|x86.ActiveCfg = Debug|Any CPU
		{17495B30-0DC2-4D50-B9C9-E466542814D6}.Release|Any CPU.ActiveCfg = Release|Any CPU
		{17495B30-0DC2-4D50-B9C9-E466542814D6}.Release|Any CPU.Build.0 = Release|Any CPU
		{17495B30-0DC2-4D50-B9C9-E466542814D6}.Release|Mixed Platforms.ActiveCfg = Release|Any CPU
		{17495B30-0DC2-4D50-B9C9-E466542814D6}.Release|Mixed Platforms.Build.0 = Release|Any CPU
		{17495B30-0DC2-4D50-B9C9-E466542814D6}.Release|x86.ActiveCfg = Release|Any CPU
		{17495B30-0DC2-4D50-B9C9-E466542814D6}.ReleaseWin8|Any CPU.ActiveCfg = Release|Any CPU
		{17495B30-0DC2-4D50-B9C9-E466542814D6}.ReleaseWin8|Any CPU.Build.0 = Release|Any CPU
		{17495B30-0DC2-4D50-B9C9-E466542814D6}.ReleaseWin8|Mixed Platforms.ActiveCfg = Release|Any CPU
		{17495B30-0DC2-4D50-B9C9-E466542814D6}.ReleaseWin8|Mixed Platforms.Build.0 = Release|Any CPU
		{17495B30-0DC2-4D50-B9C9-E466542814D6}.ReleaseWin8|x86.ActiveCfg = Release|Any CPU
		{3A10BDA4-D0BB-46E1-B560-35443D863E7B}.Debug|Any CPU.ActiveCfg = Debug|Any CPU
		{3A10BDA4-D0BB-46E1-B560-35443D863E7B}.Debug|Any CPU.Build.0 = Debug|Any CPU
		{3A10BDA4-D0BB-46E1-B560-35443D863E7B}.Debug|Mixed Platforms.ActiveCfg = Debug|Any CPU
		{3A10BDA4-D0BB-46E1-B560-35443D863E7B}.Debug|Mixed Platforms.Build.0 = Debug|Any CPU
		{3A10BDA4-D0BB-46E1-B560-35443D863E7B}.Debug|x86.ActiveCfg = Debug|Any CPU
		{3A10BDA4-D0BB-46E1-B560-35443D863E7B}.Release|Any CPU.ActiveCfg = Release|Any CPU
		{3A10BDA4-D0BB-46E1-B560-35443D863E7B}.Release|Any CPU.Build.0 = Release|Any CPU
		{3A10BDA4-D0BB-46E1-B560-35443D863E7B}.Release|Mixed Platforms.ActiveCfg = Release|Any CPU
		{3A10BDA4-D0BB-46E1-B560-35443D863E7B}.Release|Mixed Platforms.Build.0 = Release|Any CPU
		{3A10BDA4-D0BB-46E1-B560-35443D863E7B}.Release|x86.ActiveCfg = Release|Any CPU
		{3A10BDA4-D0BB-46E1-B560-35443D863E7B}.ReleaseWin8|Any CPU.ActiveCfg = Release|Any CPU
		{3A10BDA4-D0BB-46E1-B560-35443D863E7B}.ReleaseWin8|Any CPU.Build.0 = Release|Any CPU
		{3A10BDA4-D0BB-46E1-B560-35443D863E7B}.ReleaseWin8|Mixed Platforms.ActiveCfg = Release|Any CPU
		{3A10BDA4-D0BB-46E1-B560-35443D863E7B}.ReleaseWin8|Mixed Platforms.Build.0 = Release|Any CPU
		{3A10BDA4-D0BB-46E1-B560-35443D863E7B}.ReleaseWin8|x86.ActiveCfg = Release|Any CPU
		{691746DD-2EE5-4678-B001-275D84AF8D10}.Debug|Any CPU.ActiveCfg = Debug|Any CPU
		{691746DD-2EE5-4678-B001-275D84AF8D10}.Debug|Any CPU.Build.0 = Debug|Any CPU
		{691746DD-2EE5-4678-B001-275D84AF8D10}.Debug|Mixed Platforms.ActiveCfg = Debug|Any CPU
		{691746DD-2EE5-4678-B001-275D84AF8D10}.Debug|Mixed Platforms.Build.0 = Debug|Any CPU
		{691746DD-2EE5-4678-B001-275D84AF8D10}.Debug|x86.ActiveCfg = Debug|Any CPU
		{691746DD-2EE5-4678-B001-275D84AF8D10}.Release|Any CPU.ActiveCfg = Release|Any CPU
		{691746DD-2EE5-4678-B001-275D84AF8D10}.Release|Any CPU.Build.0 = Release|Any CPU
		{691746DD-2EE5-4678-B001-275D84AF8D10}.Release|Mixed Platforms.ActiveCfg = Release|Any CPU
		{691746DD-2EE5-4678-B001-275D84AF8D10}.Release|Mixed Platforms.Build.0 = Release|Any CPU
		{691746DD-2EE5-4678-B001-275D84AF8D10}.Release|x86.ActiveCfg = Release|Any CPU
		{691746DD-2EE5-4678-B001-275D84AF8D10}.ReleaseWin8|Any CPU.ActiveCfg = Release|Any CPU
		{691746DD-2EE5-4678-B001-275D84AF8D10}.ReleaseWin8|Any CPU.Build.0 = Release|Any CPU
		{691746DD-2EE5-4678-B001-275D84AF8D10}.ReleaseWin8|Mixed Platforms.ActiveCfg = Release|Any CPU
		{691746DD-2EE5-4678-B001-275D84AF8D10}.ReleaseWin8|Mixed Platforms.Build.0 = Release|Any CPU
		{691746DD-2EE5-4678-B001-275D84AF8D10}.ReleaseWin8|x86.ActiveCfg = Release|Any CPU
		{77138947-1D13-4E22-AEE0-5D0DD046CA34}.Debug|Any CPU.ActiveCfg = Debug|Any CPU
		{77138947-1D13-4E22-AEE0-5D0DD046CA34}.Debug|Any CPU.Build.0 = Debug|Any CPU
		{77138947-1D13-4E22-AEE0-5D0DD046CA34}.Debug|Mixed Platforms.ActiveCfg = Debug|Any CPU
		{77138947-1D13-4E22-AEE0-5D0DD046CA34}.Debug|Mixed Platforms.Build.0 = Debug|Any CPU
		{77138947-1D13-4E22-AEE0-5D0DD046CA34}.Debug|x86.ActiveCfg = Debug|Any CPU
		{77138947-1D13-4E22-AEE0-5D0DD046CA34}.Release|Any CPU.ActiveCfg = Release|Any CPU
		{77138947-1D13-4E22-AEE0-5D0DD046CA34}.Release|Any CPU.Build.0 = Release|Any CPU
		{77138947-1D13-4E22-AEE0-5D0DD046CA34}.Release|Mixed Platforms.ActiveCfg = Release|Any CPU
		{77138947-1D13-4E22-AEE0-5D0DD046CA34}.Release|Mixed Platforms.Build.0 = Release|Any CPU
		{77138947-1D13-4E22-AEE0-5D0DD046CA34}.Release|x86.ActiveCfg = Release|Any CPU
		{77138947-1D13-4E22-AEE0-5D0DD046CA34}.ReleaseWin8|Any CPU.ActiveCfg = Release|Any CPU
		{77138947-1D13-4E22-AEE0-5D0DD046CA34}.ReleaseWin8|Any CPU.Build.0 = Release|Any CPU
		{77138947-1D13-4E22-AEE0-5D0DD046CA34}.ReleaseWin8|Mixed Platforms.ActiveCfg = Release|Any CPU
		{77138947-1D13-4E22-AEE0-5D0DD046CA34}.ReleaseWin8|Mixed Platforms.Build.0 = Release|Any CPU
		{77138947-1D13-4E22-AEE0-5D0DD046CA34}.ReleaseWin8|x86.ActiveCfg = Release|Any CPU
		{DE856812-A32C-4866-801E-AF396D711942}.Debug|Any CPU.ActiveCfg = Debug|Any CPU
		{DE856812-A32C-4866-801E-AF396D711942}.Debug|Any CPU.Build.0 = Debug|Any CPU
		{DE856812-A32C-4866-801E-AF396D711942}.Debug|Mixed Platforms.ActiveCfg = Debug|Any CPU
		{DE856812-A32C-4866-801E-AF396D711942}.Debug|Mixed Platforms.Build.0 = Debug|Any CPU
		{DE856812-A32C-4866-801E-AF396D711942}.Debug|x86.ActiveCfg = Debug|Any CPU
		{DE856812-A32C-4866-801E-AF396D711942}.Release|Any CPU.ActiveCfg = Release|Any CPU
		{DE856812-A32C-4866-801E-AF396D711942}.Release|Any CPU.Build.0 = Release|Any CPU
		{DE856812-A32C-4866-801E-AF396D711942}.Release|Mixed Platforms.ActiveCfg = Release|Any CPU
		{DE856812-A32C-4866-801E-AF396D711942}.Release|Mixed Platforms.Build.0 = Release|Any CPU
		{DE856812-A32C-4866-801E-AF396D711942}.Release|x86.ActiveCfg = Release|Any CPU
		{DE856812-A32C-4866-801E-AF396D711942}.ReleaseWin8|Any CPU.ActiveCfg = Release|Any CPU
		{DE856812-A32C-4866-801E-AF396D711942}.ReleaseWin8|Any CPU.Build.0 = Release|Any CPU
		{DE856812-A32C-4866-801E-AF396D711942}.ReleaseWin8|Mixed Platforms.ActiveCfg = Release|Any CPU
		{DE856812-A32C-4866-801E-AF396D711942}.ReleaseWin8|Mixed Platforms.Build.0 = Release|Any CPU
		{DE856812-A32C-4866-801E-AF396D711942}.ReleaseWin8|x86.ActiveCfg = Release|Any CPU
		{6ED61550-8E7A-42C6-9B30-380C6F97ED55}.Debug|Any CPU.ActiveCfg = Debug|Any CPU
		{6ED61550-8E7A-42C6-9B30-380C6F97ED55}.Debug|Any CPU.Build.0 = Debug|Any CPU
		{6ED61550-8E7A-42C6-9B30-380C6F97ED55}.Debug|Mixed Platforms.ActiveCfg = Debug|Any CPU
		{6ED61550-8E7A-42C6-9B30-380C6F97ED55}.Debug|Mixed Platforms.Build.0 = Debug|Any CPU
		{6ED61550-8E7A-42C6-9B30-380C6F97ED55}.Debug|x86.ActiveCfg = Debug|Any CPU
		{6ED61550-8E7A-42C6-9B30-380C6F97ED55}.Release|Any CPU.ActiveCfg = Release|Any CPU
		{6ED61550-8E7A-42C6-9B30-380C6F97ED55}.Release|Any CPU.Build.0 = Release|Any CPU
		{6ED61550-8E7A-42C6-9B30-380C6F97ED55}.Release|Mixed Platforms.ActiveCfg = Release|Any CPU
		{6ED61550-8E7A-42C6-9B30-380C6F97ED55}.Release|Mixed Platforms.Build.0 = Release|Any CPU
		{6ED61550-8E7A-42C6-9B30-380C6F97ED55}.Release|x86.ActiveCfg = Release|Any CPU
		{6ED61550-8E7A-42C6-9B30-380C6F97ED55}.ReleaseWin8|Any CPU.ActiveCfg = Release|Any CPU
		{6ED61550-8E7A-42C6-9B30-380C6F97ED55}.ReleaseWin8|Any CPU.Build.0 = Release|Any CPU
		{6ED61550-8E7A-42C6-9B30-380C6F97ED55}.ReleaseWin8|Mixed Platforms.ActiveCfg = Release|Any CPU
		{6ED61550-8E7A-42C6-9B30-380C6F97ED55}.ReleaseWin8|Mixed Platforms.Build.0 = Release|Any CPU
		{6ED61550-8E7A-42C6-9B30-380C6F97ED55}.ReleaseWin8|x86.ActiveCfg = Release|Any CPU
		{63C2168C-61F6-40ED-9933-CB0AF8297A3C}.Debug|Any CPU.ActiveCfg = Debug|Any CPU
		{63C2168C-61F6-40ED-9933-CB0AF8297A3C}.Debug|Any CPU.Build.0 = Debug|Any CPU
		{63C2168C-61F6-40ED-9933-CB0AF8297A3C}.Debug|Mixed Platforms.ActiveCfg = Debug|Any CPU
		{63C2168C-61F6-40ED-9933-CB0AF8297A3C}.Debug|Mixed Platforms.Build.0 = Debug|Any CPU
		{63C2168C-61F6-40ED-9933-CB0AF8297A3C}.Debug|x86.ActiveCfg = Debug|Any CPU
		{63C2168C-61F6-40ED-9933-CB0AF8297A3C}.Release|Any CPU.ActiveCfg = Release|Any CPU
		{63C2168C-61F6-40ED-9933-CB0AF8297A3C}.Release|Any CPU.Build.0 = Release|Any CPU
		{63C2168C-61F6-40ED-9933-CB0AF8297A3C}.Release|Mixed Platforms.ActiveCfg = Release|Any CPU
		{63C2168C-61F6-40ED-9933-CB0AF8297A3C}.Release|Mixed Platforms.Build.0 = Release|Any CPU
		{63C2168C-61F6-40ED-9933-CB0AF8297A3C}.Release|x86.ActiveCfg = Release|Any CPU
		{63C2168C-61F6-40ED-9933-CB0AF8297A3C}.ReleaseWin8|Any CPU.ActiveCfg = Release|Any CPU
		{63C2168C-61F6-40ED-9933-CB0AF8297A3C}.ReleaseWin8|Any CPU.Build.0 = Release|Any CPU
		{63C2168C-61F6-40ED-9933-CB0AF8297A3C}.ReleaseWin8|Mixed Platforms.ActiveCfg = Release|Any CPU
		{63C2168C-61F6-40ED-9933-CB0AF8297A3C}.ReleaseWin8|Mixed Platforms.Build.0 = Release|Any CPU
		{63C2168C-61F6-40ED-9933-CB0AF8297A3C}.ReleaseWin8|x86.ActiveCfg = Release|Any CPU
		{8C7671BF-8C23-4227-BEE6-29ABEF882CDA}.Debug|Any CPU.ActiveCfg = Debug|Any CPU
		{8C7671BF-8C23-4227-BEE6-29ABEF882CDA}.Debug|Any CPU.Build.0 = Debug|Any CPU
		{8C7671BF-8C23-4227-BEE6-29ABEF882CDA}.Debug|Mixed Platforms.ActiveCfg = Debug|Any CPU
		{8C7671BF-8C23-4227-BEE6-29ABEF882CDA}.Debug|Mixed Platforms.Build.0 = Debug|Any CPU
		{8C7671BF-8C23-4227-BEE6-29ABEF882CDA}.Debug|x86.ActiveCfg = Debug|Any CPU
		{8C7671BF-8C23-4227-BEE6-29ABEF882CDA}.Release|Any CPU.ActiveCfg = Release|Any CPU
		{8C7671BF-8C23-4227-BEE6-29ABEF882CDA}.Release|Any CPU.Build.0 = Release|Any CPU
		{8C7671BF-8C23-4227-BEE6-29ABEF882CDA}.Release|Mixed Platforms.ActiveCfg = Release|Any CPU
		{8C7671BF-8C23-4227-BEE6-29ABEF882CDA}.Release|Mixed Platforms.Build.0 = Release|Any CPU
		{8C7671BF-8C23-4227-BEE6-29ABEF882CDA}.Release|x86.ActiveCfg = Release|Any CPU
		{8C7671BF-8C23-4227-BEE6-29ABEF882CDA}.ReleaseWin8|Any CPU.ActiveCfg = Release|Any CPU
		{8C7671BF-8C23-4227-BEE6-29ABEF882CDA}.ReleaseWin8|Any CPU.Build.0 = Release|Any CPU
		{8C7671BF-8C23-4227-BEE6-29ABEF882CDA}.ReleaseWin8|Mixed Platforms.ActiveCfg = Release|Any CPU
		{8C7671BF-8C23-4227-BEE6-29ABEF882CDA}.ReleaseWin8|Mixed Platforms.Build.0 = Release|Any CPU
		{8C7671BF-8C23-4227-BEE6-29ABEF882CDA}.ReleaseWin8|x86.ActiveCfg = Release|Any CPU
		{B2139C11-8744-4AD8-8DF9-4D6997FBBE52}.Debug|Any CPU.ActiveCfg = Debug|Any CPU
		{B2139C11-8744-4AD8-8DF9-4D6997FBBE52}.Debug|Any CPU.Build.0 = Debug|Any CPU
		{B2139C11-8744-4AD8-8DF9-4D6997FBBE52}.Debug|Mixed Platforms.ActiveCfg = Debug|Any CPU
		{B2139C11-8744-4AD8-8DF9-4D6997FBBE52}.Debug|Mixed Platforms.Build.0 = Debug|Any CPU
		{B2139C11-8744-4AD8-8DF9-4D6997FBBE52}.Debug|x86.ActiveCfg = Debug|Any CPU
		{B2139C11-8744-4AD8-8DF9-4D6997FBBE52}.Release|Any CPU.ActiveCfg = Release|Any CPU
		{B2139C11-8744-4AD8-8DF9-4D6997FBBE52}.Release|Any CPU.Build.0 = Release|Any CPU
		{B2139C11-8744-4AD8-8DF9-4D6997FBBE52}.Release|Mixed Platforms.ActiveCfg = Release|Any CPU
		{B2139C11-8744-4AD8-8DF9-4D6997FBBE52}.Release|Mixed Platforms.Build.0 = Release|Any CPU
		{B2139C11-8744-4AD8-8DF9-4D6997FBBE52}.Release|x86.ActiveCfg = Release|Any CPU
		{B2139C11-8744-4AD8-8DF9-4D6997FBBE52}.ReleaseWin8|Any CPU.ActiveCfg = Release|Any CPU
		{B2139C11-8744-4AD8-8DF9-4D6997FBBE52}.ReleaseWin8|Any CPU.Build.0 = Release|Any CPU
		{B2139C11-8744-4AD8-8DF9-4D6997FBBE52}.ReleaseWin8|Mixed Platforms.ActiveCfg = Release|Any CPU
		{B2139C11-8744-4AD8-8DF9-4D6997FBBE52}.ReleaseWin8|Mixed Platforms.Build.0 = Release|Any CPU
		{B2139C11-8744-4AD8-8DF9-4D6997FBBE52}.ReleaseWin8|x86.ActiveCfg = Release|Any CPU
		{B7AFADD1-D9F8-4C10-B789-4DF50FBE93FB}.Debug|Any CPU.ActiveCfg = Debug|Any CPU
		{B7AFADD1-D9F8-4C10-B789-4DF50FBE93FB}.Debug|Any CPU.Build.0 = Debug|Any CPU
		{B7AFADD1-D9F8-4C10-B789-4DF50FBE93FB}.Debug|Mixed Platforms.ActiveCfg = Debug|Any CPU
		{B7AFADD1-D9F8-4C10-B789-4DF50FBE93FB}.Debug|Mixed Platforms.Build.0 = Debug|Any CPU
		{B7AFADD1-D9F8-4C10-B789-4DF50FBE93FB}.Debug|x86.ActiveCfg = Debug|Any CPU
		{B7AFADD1-D9F8-4C10-B789-4DF50FBE93FB}.Release|Any CPU.ActiveCfg = Release|Any CPU
		{B7AFADD1-D9F8-4C10-B789-4DF50FBE93FB}.Release|Any CPU.Build.0 = Release|Any CPU
		{B7AFADD1-D9F8-4C10-B789-4DF50FBE93FB}.Release|Mixed Platforms.ActiveCfg = Release|Any CPU
		{B7AFADD1-D9F8-4C10-B789-4DF50FBE93FB}.Release|Mixed Platforms.Build.0 = Release|Any CPU
		{B7AFADD1-D9F8-4C10-B789-4DF50FBE93FB}.Release|x86.ActiveCfg = Release|Any CPU
		{B7AFADD1-D9F8-4C10-B789-4DF50FBE93FB}.ReleaseWin8|Any CPU.ActiveCfg = Release|Any CPU
		{B7AFADD1-D9F8-4C10-B789-4DF50FBE93FB}.ReleaseWin8|Any CPU.Build.0 = Release|Any CPU
		{B7AFADD1-D9F8-4C10-B789-4DF50FBE93FB}.ReleaseWin8|Mixed Platforms.ActiveCfg = Release|Any CPU
		{B7AFADD1-D9F8-4C10-B789-4DF50FBE93FB}.ReleaseWin8|Mixed Platforms.Build.0 = Release|Any CPU
		{B7AFADD1-D9F8-4C10-B789-4DF50FBE93FB}.ReleaseWin8|x86.ActiveCfg = Release|Any CPU
		{31769B78-09A7-4423-AE6F-CFD1A420DCDF}.Debug|Any CPU.ActiveCfg = Debug|x86
		{31769B78-09A7-4423-AE6F-CFD1A420DCDF}.Debug|Mixed Platforms.ActiveCfg = Debug|x86
		{31769B78-09A7-4423-AE6F-CFD1A420DCDF}.Debug|Mixed Platforms.Build.0 = Debug|x86
		{31769B78-09A7-4423-AE6F-CFD1A420DCDF}.Debug|x86.ActiveCfg = Debug|x86
		{31769B78-09A7-4423-AE6F-CFD1A420DCDF}.Debug|x86.Build.0 = Debug|x86
		{31769B78-09A7-4423-AE6F-CFD1A420DCDF}.Release|Any CPU.ActiveCfg = Release|x86
		{31769B78-09A7-4423-AE6F-CFD1A420DCDF}.Release|Mixed Platforms.ActiveCfg = Release|x86
		{31769B78-09A7-4423-AE6F-CFD1A420DCDF}.Release|Mixed Platforms.Build.0 = Release|x86
		{31769B78-09A7-4423-AE6F-CFD1A420DCDF}.Release|x86.ActiveCfg = Release|x86
		{31769B78-09A7-4423-AE6F-CFD1A420DCDF}.Release|x86.Build.0 = Release|x86
		{31769B78-09A7-4423-AE6F-CFD1A420DCDF}.ReleaseWin8|Any CPU.ActiveCfg = Release|x86
		{31769B78-09A7-4423-AE6F-CFD1A420DCDF}.ReleaseWin8|Mixed Platforms.ActiveCfg = Release|x86
		{31769B78-09A7-4423-AE6F-CFD1A420DCDF}.ReleaseWin8|Mixed Platforms.Build.0 = Release|x86
		{31769B78-09A7-4423-AE6F-CFD1A420DCDF}.ReleaseWin8|x86.ActiveCfg = Release|x86
		{31769B78-09A7-4423-AE6F-CFD1A420DCDF}.ReleaseWin8|x86.Build.0 = Release|x86
		{1A2CC489-5477-4624-BF26-6AB2A46D7C9C}.Debug|Any CPU.ActiveCfg = Debug|x86
		{1A2CC489-5477-4624-BF26-6AB2A46D7C9C}.Debug|Mixed Platforms.ActiveCfg = Debug|x86
		{1A2CC489-5477-4624-BF26-6AB2A46D7C9C}.Debug|Mixed Platforms.Build.0 = Debug|x86
		{1A2CC489-5477-4624-BF26-6AB2A46D7C9C}.Debug|x86.ActiveCfg = Debug|x86
		{1A2CC489-5477-4624-BF26-6AB2A46D7C9C}.Debug|x86.Build.0 = Debug|x86
		{1A2CC489-5477-4624-BF26-6AB2A46D7C9C}.Release|Any CPU.ActiveCfg = Release|x86
		{1A2CC489-5477-4624-BF26-6AB2A46D7C9C}.Release|Mixed Platforms.ActiveCfg = Release|x86
		{1A2CC489-5477-4624-BF26-6AB2A46D7C9C}.Release|Mixed Platforms.Build.0 = Release|x86
		{1A2CC489-5477-4624-BF26-6AB2A46D7C9C}.Release|x86.ActiveCfg = Release|x86
		{1A2CC489-5477-4624-BF26-6AB2A46D7C9C}.Release|x86.Build.0 = Release|x86
		{1A2CC489-5477-4624-BF26-6AB2A46D7C9C}.ReleaseWin8|Any CPU.ActiveCfg = Release|x86
		{1A2CC489-5477-4624-BF26-6AB2A46D7C9C}.ReleaseWin8|Mixed Platforms.ActiveCfg = Release|x86
		{1A2CC489-5477-4624-BF26-6AB2A46D7C9C}.ReleaseWin8|Mixed Platforms.Build.0 = Release|x86
		{1A2CC489-5477-4624-BF26-6AB2A46D7C9C}.ReleaseWin8|x86.ActiveCfg = Release|x86
		{1A2CC489-5477-4624-BF26-6AB2A46D7C9C}.ReleaseWin8|x86.Build.0 = Release|x86
		{ED970871-8D95-41DD-B3AA-7E92A44813E7}.Debug|Any CPU.ActiveCfg = Debug|Any CPU
		{ED970871-8D95-41DD-B3AA-7E92A44813E7}.Debug|Any CPU.Build.0 = Debug|Any CPU
		{ED970871-8D95-41DD-B3AA-7E92A44813E7}.Debug|Mixed Platforms.ActiveCfg = Debug|Any CPU
		{ED970871-8D95-41DD-B3AA-7E92A44813E7}.Debug|Mixed Platforms.Build.0 = Debug|Any CPU
		{ED970871-8D95-41DD-B3AA-7E92A44813E7}.Debug|x86.ActiveCfg = Debug|Any CPU
		{ED970871-8D95-41DD-B3AA-7E92A44813E7}.Release|Any CPU.ActiveCfg = Release|Any CPU
		{ED970871-8D95-41DD-B3AA-7E92A44813E7}.Release|Any CPU.Build.0 = Release|Any CPU
		{ED970871-8D95-41DD-B3AA-7E92A44813E7}.Release|Mixed Platforms.ActiveCfg = Release|Any CPU
		{ED970871-8D95-41DD-B3AA-7E92A44813E7}.Release|Mixed Platforms.Build.0 = Release|Any CPU
		{ED970871-8D95-41DD-B3AA-7E92A44813E7}.Release|x86.ActiveCfg = Release|Any CPU
		{ED970871-8D95-41DD-B3AA-7E92A44813E7}.ReleaseWin8|Any CPU.ActiveCfg = Release|Any CPU
		{ED970871-8D95-41DD-B3AA-7E92A44813E7}.ReleaseWin8|Any CPU.Build.0 = Release|Any CPU
		{ED970871-8D95-41DD-B3AA-7E92A44813E7}.ReleaseWin8|Mixed Platforms.ActiveCfg = Release|Any CPU
		{ED970871-8D95-41DD-B3AA-7E92A44813E7}.ReleaseWin8|Mixed Platforms.Build.0 = Release|Any CPU
		{ED970871-8D95-41DD-B3AA-7E92A44813E7}.ReleaseWin8|x86.ActiveCfg = Release|Any CPU
		{45C383AC-64A2-46FB-9055-B0B31422A0EA}.Debug|Any CPU.ActiveCfg = Debug|Any CPU
		{45C383AC-64A2-46FB-9055-B0B31422A0EA}.Debug|Any CPU.Build.0 = Debug|Any CPU
		{45C383AC-64A2-46FB-9055-B0B31422A0EA}.Debug|Mixed Platforms.ActiveCfg = Debug|Any CPU
		{45C383AC-64A2-46FB-9055-B0B31422A0EA}.Debug|Mixed Platforms.Build.0 = Debug|Any CPU
		{45C383AC-64A2-46FB-9055-B0B31422A0EA}.Debug|x86.ActiveCfg = Debug|Any CPU
		{45C383AC-64A2-46FB-9055-B0B31422A0EA}.Release|Any CPU.ActiveCfg = Release|Any CPU
		{45C383AC-64A2-46FB-9055-B0B31422A0EA}.Release|Any CPU.Build.0 = Release|Any CPU
		{45C383AC-64A2-46FB-9055-B0B31422A0EA}.Release|Mixed Platforms.ActiveCfg = Release|Any CPU
		{45C383AC-64A2-46FB-9055-B0B31422A0EA}.Release|Mixed Platforms.Build.0 = Release|Any CPU
		{45C383AC-64A2-46FB-9055-B0B31422A0EA}.Release|x86.ActiveCfg = Release|Any CPU
		{45C383AC-64A2-46FB-9055-B0B31422A0EA}.ReleaseWin8|Any CPU.ActiveCfg = Release|Any CPU
		{45C383AC-64A2-46FB-9055-B0B31422A0EA}.ReleaseWin8|Any CPU.Build.0 = Release|Any CPU
		{45C383AC-64A2-46FB-9055-B0B31422A0EA}.ReleaseWin8|Mixed Platforms.ActiveCfg = Release|Any CPU
		{45C383AC-64A2-46FB-9055-B0B31422A0EA}.ReleaseWin8|Mixed Platforms.Build.0 = Release|Any CPU
		{45C383AC-64A2-46FB-9055-B0B31422A0EA}.ReleaseWin8|x86.ActiveCfg = Release|Any CPU
		{5AA1607E-3502-4DD0-9A68-D438AE1B2E8B}.Debug|Any CPU.ActiveCfg = Debug|Any CPU
		{5AA1607E-3502-4DD0-9A68-D438AE1B2E8B}.Debug|Any CPU.Build.0 = Debug|Any CPU
		{5AA1607E-3502-4DD0-9A68-D438AE1B2E8B}.Debug|Mixed Platforms.ActiveCfg = Debug|Any CPU
		{5AA1607E-3502-4DD0-9A68-D438AE1B2E8B}.Debug|Mixed Platforms.Build.0 = Debug|Any CPU
		{5AA1607E-3502-4DD0-9A68-D438AE1B2E8B}.Debug|x86.ActiveCfg = Debug|Any CPU
		{5AA1607E-3502-4DD0-9A68-D438AE1B2E8B}.Release|Any CPU.ActiveCfg = Release|Any CPU
		{5AA1607E-3502-4DD0-9A68-D438AE1B2E8B}.Release|Any CPU.Build.0 = Release|Any CPU
		{5AA1607E-3502-4DD0-9A68-D438AE1B2E8B}.Release|Mixed Platforms.ActiveCfg = Release|Any CPU
		{5AA1607E-3502-4DD0-9A68-D438AE1B2E8B}.Release|Mixed Platforms.Build.0 = Release|Any CPU
		{5AA1607E-3502-4DD0-9A68-D438AE1B2E8B}.Release|x86.ActiveCfg = Release|Any CPU
		{5AA1607E-3502-4DD0-9A68-D438AE1B2E8B}.ReleaseWin8|Any CPU.ActiveCfg = Release|Any CPU
		{5AA1607E-3502-4DD0-9A68-D438AE1B2E8B}.ReleaseWin8|Any CPU.Build.0 = Release|Any CPU
		{5AA1607E-3502-4DD0-9A68-D438AE1B2E8B}.ReleaseWin8|Mixed Platforms.ActiveCfg = Release|Any CPU
		{5AA1607E-3502-4DD0-9A68-D438AE1B2E8B}.ReleaseWin8|Mixed Platforms.Build.0 = Release|Any CPU
		{5AA1607E-3502-4DD0-9A68-D438AE1B2E8B}.ReleaseWin8|x86.ActiveCfg = Release|Any CPU
		{FAF6D6B2-1EC9-4A1B-83BB-48F772E948CF}.Debug|Any CPU.ActiveCfg = Debug|Any CPU
		{FAF6D6B2-1EC9-4A1B-83BB-48F772E948CF}.Debug|Any CPU.Build.0 = Debug|Any CPU
		{FAF6D6B2-1EC9-4A1B-83BB-48F772E948CF}.Debug|Mixed Platforms.ActiveCfg = Debug|Any CPU
		{FAF6D6B2-1EC9-4A1B-83BB-48F772E948CF}.Debug|Mixed Platforms.Build.0 = Debug|Any CPU
		{FAF6D6B2-1EC9-4A1B-83BB-48F772E948CF}.Debug|x86.ActiveCfg = Debug|Any CPU
		{FAF6D6B2-1EC9-4A1B-83BB-48F772E948CF}.Release|Any CPU.ActiveCfg = Release|Any CPU
		{FAF6D6B2-1EC9-4A1B-83BB-48F772E948CF}.Release|Any CPU.Build.0 = Release|Any CPU
		{FAF6D6B2-1EC9-4A1B-83BB-48F772E948CF}.Release|Mixed Platforms.ActiveCfg = Release|Any CPU
		{FAF6D6B2-1EC9-4A1B-83BB-48F772E948CF}.Release|Mixed Platforms.Build.0 = Release|Any CPU
		{FAF6D6B2-1EC9-4A1B-83BB-48F772E948CF}.Release|x86.ActiveCfg = Release|Any CPU
		{FAF6D6B2-1EC9-4A1B-83BB-48F772E948CF}.ReleaseWin8|Any CPU.ActiveCfg = Release|Any CPU
		{FAF6D6B2-1EC9-4A1B-83BB-48F772E948CF}.ReleaseWin8|Any CPU.Build.0 = Release|Any CPU
		{FAF6D6B2-1EC9-4A1B-83BB-48F772E948CF}.ReleaseWin8|Mixed Platforms.ActiveCfg = Release|Any CPU
		{FAF6D6B2-1EC9-4A1B-83BB-48F772E948CF}.ReleaseWin8|Mixed Platforms.Build.0 = Release|Any CPU
		{FAF6D6B2-1EC9-4A1B-83BB-48F772E948CF}.ReleaseWin8|x86.ActiveCfg = Release|Any CPU
		{F217FB06-ECFC-499A-B34C-1E288BDD1E0F}.Debug|Any CPU.ActiveCfg = Debug|Any CPU
		{F217FB06-ECFC-499A-B34C-1E288BDD1E0F}.Debug|Any CPU.Build.0 = Debug|Any CPU
		{F217FB06-ECFC-499A-B34C-1E288BDD1E0F}.Debug|Mixed Platforms.ActiveCfg = Debug|Any CPU
		{F217FB06-ECFC-499A-B34C-1E288BDD1E0F}.Debug|Mixed Platforms.Build.0 = Debug|Any CPU
		{F217FB06-ECFC-499A-B34C-1E288BDD1E0F}.Debug|x86.ActiveCfg = Debug|Any CPU
		{F217FB06-ECFC-499A-B34C-1E288BDD1E0F}.Release|Any CPU.ActiveCfg = Release|Any CPU
		{F217FB06-ECFC-499A-B34C-1E288BDD1E0F}.Release|Any CPU.Build.0 = Release|Any CPU
		{F217FB06-ECFC-499A-B34C-1E288BDD1E0F}.Release|Mixed Platforms.ActiveCfg = Release|Any CPU
		{F217FB06-ECFC-499A-B34C-1E288BDD1E0F}.Release|Mixed Platforms.Build.0 = Release|Any CPU
		{F217FB06-ECFC-499A-B34C-1E288BDD1E0F}.Release|x86.ActiveCfg = Release|Any CPU
		{F217FB06-ECFC-499A-B34C-1E288BDD1E0F}.ReleaseWin8|Any CPU.ActiveCfg = Release|Any CPU
		{F217FB06-ECFC-499A-B34C-1E288BDD1E0F}.ReleaseWin8|Any CPU.Build.0 = Release|Any CPU
		{F217FB06-ECFC-499A-B34C-1E288BDD1E0F}.ReleaseWin8|Mixed Platforms.ActiveCfg = Release|Any CPU
		{F217FB06-ECFC-499A-B34C-1E288BDD1E0F}.ReleaseWin8|Mixed Platforms.Build.0 = Release|Any CPU
		{F217FB06-ECFC-499A-B34C-1E288BDD1E0F}.ReleaseWin8|x86.ActiveCfg = Release|Any CPU
		{1539D82F-D447-4671-AEDD-B3F76A4FE118}.Debug|Any CPU.ActiveCfg = Debug|Any CPU
		{1539D82F-D447-4671-AEDD-B3F76A4FE118}.Debug|Any CPU.Build.0 = Debug|Any CPU
		{1539D82F-D447-4671-AEDD-B3F76A4FE118}.Debug|Mixed Platforms.ActiveCfg = Debug|Any CPU
		{1539D82F-D447-4671-AEDD-B3F76A4FE118}.Debug|Mixed Platforms.Build.0 = Debug|Any CPU
		{1539D82F-D447-4671-AEDD-B3F76A4FE118}.Debug|x86.ActiveCfg = Debug|Any CPU
		{1539D82F-D447-4671-AEDD-B3F76A4FE118}.Release|Any CPU.ActiveCfg = Release|Any CPU
		{1539D82F-D447-4671-AEDD-B3F76A4FE118}.Release|Any CPU.Build.0 = Release|Any CPU
		{1539D82F-D447-4671-AEDD-B3F76A4FE118}.Release|Mixed Platforms.ActiveCfg = Release|Any CPU
		{1539D82F-D447-4671-AEDD-B3F76A4FE118}.Release|Mixed Platforms.Build.0 = Release|Any CPU
		{1539D82F-D447-4671-AEDD-B3F76A4FE118}.Release|x86.ActiveCfg = Release|Any CPU
		{1539D82F-D447-4671-AEDD-B3F76A4FE118}.ReleaseWin8|Any CPU.ActiveCfg = Release|Any CPU
		{1539D82F-D447-4671-AEDD-B3F76A4FE118}.ReleaseWin8|Any CPU.Build.0 = Release|Any CPU
		{1539D82F-D447-4671-AEDD-B3F76A4FE118}.ReleaseWin8|Mixed Platforms.ActiveCfg = Release|Any CPU
		{1539D82F-D447-4671-AEDD-B3F76A4FE118}.ReleaseWin8|Mixed Platforms.Build.0 = Release|Any CPU
		{1539D82F-D447-4671-AEDD-B3F76A4FE118}.ReleaseWin8|x86.ActiveCfg = Release|Any CPU
		{FA2CD47A-E367-4B06-A7CD-DD5363A84AEA}.Debug|Any CPU.ActiveCfg = Debug|Any CPU
		{FA2CD47A-E367-4B06-A7CD-DD5363A84AEA}.Debug|Any CPU.Build.0 = Debug|Any CPU
		{FA2CD47A-E367-4B06-A7CD-DD5363A84AEA}.Debug|Mixed Platforms.ActiveCfg = Debug|Any CPU
		{FA2CD47A-E367-4B06-A7CD-DD5363A84AEA}.Debug|Mixed Platforms.Build.0 = Debug|Any CPU
		{FA2CD47A-E367-4B06-A7CD-DD5363A84AEA}.Debug|x86.ActiveCfg = Debug|Any CPU
		{FA2CD47A-E367-4B06-A7CD-DD5363A84AEA}.Release|Any CPU.ActiveCfg = Release|Any CPU
		{FA2CD47A-E367-4B06-A7CD-DD5363A84AEA}.Release|Any CPU.Build.0 = Release|Any CPU
		{FA2CD47A-E367-4B06-A7CD-DD5363A84AEA}.Release|Mixed Platforms.ActiveCfg = Release|Any CPU
		{FA2CD47A-E367-4B06-A7CD-DD5363A84AEA}.Release|Mixed Platforms.Build.0 = Release|Any CPU
		{FA2CD47A-E367-4B06-A7CD-DD5363A84AEA}.Release|x86.ActiveCfg = Release|Any CPU
		{FA2CD47A-E367-4B06-A7CD-DD5363A84AEA}.ReleaseWin8|Any CPU.ActiveCfg = Release|Any CPU
		{FA2CD47A-E367-4B06-A7CD-DD5363A84AEA}.ReleaseWin8|Any CPU.Build.0 = Release|Any CPU
		{FA2CD47A-E367-4B06-A7CD-DD5363A84AEA}.ReleaseWin8|Mixed Platforms.ActiveCfg = Release|Any CPU
		{FA2CD47A-E367-4B06-A7CD-DD5363A84AEA}.ReleaseWin8|Mixed Platforms.Build.0 = Release|Any CPU
		{FA2CD47A-E367-4B06-A7CD-DD5363A84AEA}.ReleaseWin8|x86.ActiveCfg = Release|Any CPU
		{B993CDAD-46C4-4F55-BF31-8776370B8A01}.Debug|Any CPU.ActiveCfg = Debug|Any CPU
		{B993CDAD-46C4-4F55-BF31-8776370B8A01}.Debug|Any CPU.Build.0 = Debug|Any CPU
		{B993CDAD-46C4-4F55-BF31-8776370B8A01}.Debug|Mixed Platforms.ActiveCfg = Debug|Any CPU
		{B993CDAD-46C4-4F55-BF31-8776370B8A01}.Debug|Mixed Platforms.Build.0 = Debug|Any CPU
		{B993CDAD-46C4-4F55-BF31-8776370B8A01}.Debug|x86.ActiveCfg = Debug|Any CPU
		{B993CDAD-46C4-4F55-BF31-8776370B8A01}.Release|Any CPU.ActiveCfg = Release|Any CPU
		{B993CDAD-46C4-4F55-BF31-8776370B8A01}.Release|Any CPU.Build.0 = Release|Any CPU
		{B993CDAD-46C4-4F55-BF31-8776370B8A01}.Release|Mixed Platforms.ActiveCfg = Release|Any CPU
		{B993CDAD-46C4-4F55-BF31-8776370B8A01}.Release|Mixed Platforms.Build.0 = Release|Any CPU
		{B993CDAD-46C4-4F55-BF31-8776370B8A01}.Release|x86.ActiveCfg = Release|Any CPU
		{B993CDAD-46C4-4F55-BF31-8776370B8A01}.ReleaseWin8|Any CPU.ActiveCfg = Release|Any CPU
		{B993CDAD-46C4-4F55-BF31-8776370B8A01}.ReleaseWin8|Any CPU.Build.0 = Release|Any CPU
		{B993CDAD-46C4-4F55-BF31-8776370B8A01}.ReleaseWin8|Mixed Platforms.ActiveCfg = Release|Any CPU
		{B993CDAD-46C4-4F55-BF31-8776370B8A01}.ReleaseWin8|Mixed Platforms.Build.0 = Release|Any CPU
		{B993CDAD-46C4-4F55-BF31-8776370B8A01}.ReleaseWin8|x86.ActiveCfg = Release|Any CPU
		{8936CFBB-3B0C-48A2-8AFA-6F80D0181CE0}.Debug|Any CPU.ActiveCfg = Debug|Any CPU
		{8936CFBB-3B0C-48A2-8AFA-6F80D0181CE0}.Debug|Any CPU.Build.0 = Debug|Any CPU
		{8936CFBB-3B0C-48A2-8AFA-6F80D0181CE0}.Debug|Mixed Platforms.ActiveCfg = Debug|Any CPU
		{8936CFBB-3B0C-48A2-8AFA-6F80D0181CE0}.Debug|Mixed Platforms.Build.0 = Debug|Any CPU
		{8936CFBB-3B0C-48A2-8AFA-6F80D0181CE0}.Debug|x86.ActiveCfg = Debug|Any CPU
		{8936CFBB-3B0C-48A2-8AFA-6F80D0181CE0}.Release|Any CPU.ActiveCfg = Release|Any CPU
		{8936CFBB-3B0C-48A2-8AFA-6F80D0181CE0}.Release|Any CPU.Build.0 = Release|Any CPU
		{8936CFBB-3B0C-48A2-8AFA-6F80D0181CE0}.Release|Mixed Platforms.ActiveCfg = Release|Any CPU
		{8936CFBB-3B0C-48A2-8AFA-6F80D0181CE0}.Release|Mixed Platforms.Build.0 = Release|Any CPU
		{8936CFBB-3B0C-48A2-8AFA-6F80D0181CE0}.Release|x86.ActiveCfg = Release|Any CPU
		{8936CFBB-3B0C-48A2-8AFA-6F80D0181CE0}.ReleaseWin8|Any CPU.ActiveCfg = Release|Any CPU
		{8936CFBB-3B0C-48A2-8AFA-6F80D0181CE0}.ReleaseWin8|Any CPU.Build.0 = Release|Any CPU
		{8936CFBB-3B0C-48A2-8AFA-6F80D0181CE0}.ReleaseWin8|Mixed Platforms.ActiveCfg = Release|Any CPU
		{8936CFBB-3B0C-48A2-8AFA-6F80D0181CE0}.ReleaseWin8|Mixed Platforms.Build.0 = Release|Any CPU
		{8936CFBB-3B0C-48A2-8AFA-6F80D0181CE0}.ReleaseWin8|x86.ActiveCfg = Release|Any CPU
		{FC03D1FC-01B8-47BF-BB7B-66168880B415}.Debug|Any CPU.ActiveCfg = Debug|Any CPU
		{FC03D1FC-01B8-47BF-BB7B-66168880B415}.Debug|Any CPU.Build.0 = Debug|Any CPU
		{FC03D1FC-01B8-47BF-BB7B-66168880B415}.Debug|Mixed Platforms.ActiveCfg = Debug|Any CPU
		{FC03D1FC-01B8-47BF-BB7B-66168880B415}.Debug|Mixed Platforms.Build.0 = Debug|Any CPU
		{FC03D1FC-01B8-47BF-BB7B-66168880B415}.Debug|x86.ActiveCfg = Debug|Any CPU
		{FC03D1FC-01B8-47BF-BB7B-66168880B415}.Release|Any CPU.ActiveCfg = Release|Any CPU
		{FC03D1FC-01B8-47BF-BB7B-66168880B415}.Release|Any CPU.Build.0 = Release|Any CPU
		{FC03D1FC-01B8-47BF-BB7B-66168880B415}.Release|Mixed Platforms.ActiveCfg = Release|Any CPU
		{FC03D1FC-01B8-47BF-BB7B-66168880B415}.Release|Mixed Platforms.Build.0 = Release|Any CPU
		{FC03D1FC-01B8-47BF-BB7B-66168880B415}.Release|x86.ActiveCfg = Release|Any CPU
		{FC03D1FC-01B8-47BF-BB7B-66168880B415}.ReleaseWin8|Any CPU.ActiveCfg = Release|Any CPU
		{FC03D1FC-01B8-47BF-BB7B-66168880B415}.ReleaseWin8|Any CPU.Build.0 = Release|Any CPU
		{FC03D1FC-01B8-47BF-BB7B-66168880B415}.ReleaseWin8|Mixed Platforms.ActiveCfg = Release|Any CPU
		{FC03D1FC-01B8-47BF-BB7B-66168880B415}.ReleaseWin8|Mixed Platforms.Build.0 = Release|Any CPU
		{FC03D1FC-01B8-47BF-BB7B-66168880B415}.ReleaseWin8|x86.ActiveCfg = Release|Any CPU
		{D154F4B5-F4AD-430A-8DC7-3FDDE4EC536F}.Debug|Any CPU.ActiveCfg = Debug|Any CPU
		{D154F4B5-F4AD-430A-8DC7-3FDDE4EC536F}.Debug|Any CPU.Build.0 = Debug|Any CPU
		{D154F4B5-F4AD-430A-8DC7-3FDDE4EC536F}.Debug|Mixed Platforms.ActiveCfg = Debug|Any CPU
		{D154F4B5-F4AD-430A-8DC7-3FDDE4EC536F}.Debug|Mixed Platforms.Build.0 = Debug|Any CPU
		{D154F4B5-F4AD-430A-8DC7-3FDDE4EC536F}.Debug|x86.ActiveCfg = Debug|Any CPU
		{D154F4B5-F4AD-430A-8DC7-3FDDE4EC536F}.Release|Any CPU.ActiveCfg = Release|Any CPU
		{D154F4B5-F4AD-430A-8DC7-3FDDE4EC536F}.Release|Any CPU.Build.0 = Release|Any CPU
		{D154F4B5-F4AD-430A-8DC7-3FDDE4EC536F}.Release|Mixed Platforms.ActiveCfg = Release|Any CPU
		{D154F4B5-F4AD-430A-8DC7-3FDDE4EC536F}.Release|Mixed Platforms.Build.0 = Release|Any CPU
		{D154F4B5-F4AD-430A-8DC7-3FDDE4EC536F}.Release|x86.ActiveCfg = Release|Any CPU
		{D154F4B5-F4AD-430A-8DC7-3FDDE4EC536F}.ReleaseWin8|Any CPU.ActiveCfg = Release|Any CPU
		{D154F4B5-F4AD-430A-8DC7-3FDDE4EC536F}.ReleaseWin8|Any CPU.Build.0 = Release|Any CPU
		{D154F4B5-F4AD-430A-8DC7-3FDDE4EC536F}.ReleaseWin8|Mixed Platforms.ActiveCfg = Release|Any CPU
		{D154F4B5-F4AD-430A-8DC7-3FDDE4EC536F}.ReleaseWin8|Mixed Platforms.Build.0 = Release|Any CPU
		{D154F4B5-F4AD-430A-8DC7-3FDDE4EC536F}.ReleaseWin8|x86.ActiveCfg = Release|Any CPU
		{3D9CDCE1-69CB-460B-A4E1-4C024BCB2A20}.Debug|Any CPU.ActiveCfg = Debug|Any CPU
		{3D9CDCE1-69CB-460B-A4E1-4C024BCB2A20}.Debug|Any CPU.Build.0 = Debug|Any CPU
		{3D9CDCE1-69CB-460B-A4E1-4C024BCB2A20}.Debug|Mixed Platforms.ActiveCfg = Debug|Any CPU
		{3D9CDCE1-69CB-460B-A4E1-4C024BCB2A20}.Debug|Mixed Platforms.Build.0 = Debug|Any CPU
		{3D9CDCE1-69CB-460B-A4E1-4C024BCB2A20}.Debug|x86.ActiveCfg = Debug|Any CPU
		{3D9CDCE1-69CB-460B-A4E1-4C024BCB2A20}.Release|Any CPU.ActiveCfg = Release|Any CPU
		{3D9CDCE1-69CB-460B-A4E1-4C024BCB2A20}.Release|Any CPU.Build.0 = Release|Any CPU
		{3D9CDCE1-69CB-460B-A4E1-4C024BCB2A20}.Release|Mixed Platforms.ActiveCfg = Release|Any CPU
		{3D9CDCE1-69CB-460B-A4E1-4C024BCB2A20}.Release|Mixed Platforms.Build.0 = Release|Any CPU
		{3D9CDCE1-69CB-460B-A4E1-4C024BCB2A20}.Release|x86.ActiveCfg = Release|Any CPU
		{3D9CDCE1-69CB-460B-A4E1-4C024BCB2A20}.ReleaseWin8|Any CPU.ActiveCfg = Release|Any CPU
		{3D9CDCE1-69CB-460B-A4E1-4C024BCB2A20}.ReleaseWin8|Any CPU.Build.0 = Release|Any CPU
		{3D9CDCE1-69CB-460B-A4E1-4C024BCB2A20}.ReleaseWin8|Mixed Platforms.ActiveCfg = Release|Any CPU
		{3D9CDCE1-69CB-460B-A4E1-4C024BCB2A20}.ReleaseWin8|Mixed Platforms.Build.0 = Release|Any CPU
		{3D9CDCE1-69CB-460B-A4E1-4C024BCB2A20}.ReleaseWin8|x86.ActiveCfg = Release|Any CPU
		{8AB4E570-8B1A-4E5F-ACE5-F13BFD83487C}.Debug|Any CPU.ActiveCfg = Debug|Any CPU
		{8AB4E570-8B1A-4E5F-ACE5-F13BFD83487C}.Debug|Any CPU.Build.0 = Debug|Any CPU
		{8AB4E570-8B1A-4E5F-ACE5-F13BFD83487C}.Debug|Mixed Platforms.ActiveCfg = Debug|Any CPU
		{8AB4E570-8B1A-4E5F-ACE5-F13BFD83487C}.Debug|Mixed Platforms.Build.0 = Debug|Any CPU
		{8AB4E570-8B1A-4E5F-ACE5-F13BFD83487C}.Debug|x86.ActiveCfg = Debug|Any CPU
		{8AB4E570-8B1A-4E5F-ACE5-F13BFD83487C}.Release|Any CPU.ActiveCfg = Release|Any CPU
		{8AB4E570-8B1A-4E5F-ACE5-F13BFD83487C}.Release|Any CPU.Build.0 = Release|Any CPU
		{8AB4E570-8B1A-4E5F-ACE5-F13BFD83487C}.Release|Mixed Platforms.ActiveCfg = Release|Any CPU
		{8AB4E570-8B1A-4E5F-ACE5-F13BFD83487C}.Release|Mixed Platforms.Build.0 = Release|Any CPU
		{8AB4E570-8B1A-4E5F-ACE5-F13BFD83487C}.Release|x86.ActiveCfg = Release|Any CPU
		{8AB4E570-8B1A-4E5F-ACE5-F13BFD83487C}.ReleaseWin8|Any CPU.ActiveCfg = Release|Any CPU
		{8AB4E570-8B1A-4E5F-ACE5-F13BFD83487C}.ReleaseWin8|Any CPU.Build.0 = Release|Any CPU
		{8AB4E570-8B1A-4E5F-ACE5-F13BFD83487C}.ReleaseWin8|Mixed Platforms.ActiveCfg = Release|Any CPU
		{8AB4E570-8B1A-4E5F-ACE5-F13BFD83487C}.ReleaseWin8|Mixed Platforms.Build.0 = Release|Any CPU
		{8AB4E570-8B1A-4E5F-ACE5-F13BFD83487C}.ReleaseWin8|x86.ActiveCfg = Release|Any CPU
		{2851AB75-6CC0-4037-90C2-AF8F2034FB02}.Debug|Any CPU.ActiveCfg = Debug|Any CPU
		{2851AB75-6CC0-4037-90C2-AF8F2034FB02}.Debug|Any CPU.Build.0 = Debug|Any CPU
		{2851AB75-6CC0-4037-90C2-AF8F2034FB02}.Debug|Mixed Platforms.ActiveCfg = Debug|Any CPU
		{2851AB75-6CC0-4037-90C2-AF8F2034FB02}.Debug|Mixed Platforms.Build.0 = Debug|Any CPU
		{2851AB75-6CC0-4037-90C2-AF8F2034FB02}.Debug|x86.ActiveCfg = Debug|Any CPU
		{2851AB75-6CC0-4037-90C2-AF8F2034FB02}.Release|Any CPU.ActiveCfg = Release|Any CPU
		{2851AB75-6CC0-4037-90C2-AF8F2034FB02}.Release|Any CPU.Build.0 = Release|Any CPU
		{2851AB75-6CC0-4037-90C2-AF8F2034FB02}.Release|Mixed Platforms.ActiveCfg = Release|Any CPU
		{2851AB75-6CC0-4037-90C2-AF8F2034FB02}.Release|Mixed Platforms.Build.0 = Release|Any CPU
		{2851AB75-6CC0-4037-90C2-AF8F2034FB02}.Release|x86.ActiveCfg = Release|Any CPU
		{2851AB75-6CC0-4037-90C2-AF8F2034FB02}.ReleaseWin8|Any CPU.ActiveCfg = Release|Any CPU
		{2851AB75-6CC0-4037-90C2-AF8F2034FB02}.ReleaseWin8|Any CPU.Build.0 = Release|Any CPU
		{2851AB75-6CC0-4037-90C2-AF8F2034FB02}.ReleaseWin8|Mixed Platforms.ActiveCfg = Release|Any CPU
		{2851AB75-6CC0-4037-90C2-AF8F2034FB02}.ReleaseWin8|Mixed Platforms.Build.0 = Release|Any CPU
		{2851AB75-6CC0-4037-90C2-AF8F2034FB02}.ReleaseWin8|x86.ActiveCfg = Release|Any CPU
		{C2CB4A86-B77F-4D92-BB2B-DF7D90322E78}.Debug|Any CPU.ActiveCfg = Debug|Any CPU
		{C2CB4A86-B77F-4D92-BB2B-DF7D90322E78}.Debug|Any CPU.Build.0 = Debug|Any CPU
		{C2CB4A86-B77F-4D92-BB2B-DF7D90322E78}.Debug|Mixed Platforms.ActiveCfg = Debug|Any CPU
		{C2CB4A86-B77F-4D92-BB2B-DF7D90322E78}.Debug|Mixed Platforms.Build.0 = Debug|Any CPU
		{C2CB4A86-B77F-4D92-BB2B-DF7D90322E78}.Debug|x86.ActiveCfg = Debug|Any CPU
		{C2CB4A86-B77F-4D92-BB2B-DF7D90322E78}.Release|Any CPU.ActiveCfg = Release|Any CPU
		{C2CB4A86-B77F-4D92-BB2B-DF7D90322E78}.Release|Any CPU.Build.0 = Release|Any CPU
		{C2CB4A86-B77F-4D92-BB2B-DF7D90322E78}.Release|Mixed Platforms.ActiveCfg = Release|Any CPU
		{C2CB4A86-B77F-4D92-BB2B-DF7D90322E78}.Release|Mixed Platforms.Build.0 = Release|Any CPU
		{C2CB4A86-B77F-4D92-BB2B-DF7D90322E78}.Release|x86.ActiveCfg = Release|Any CPU
		{C2CB4A86-B77F-4D92-BB2B-DF7D90322E78}.ReleaseWin8|Any CPU.ActiveCfg = Release|Any CPU
		{C2CB4A86-B77F-4D92-BB2B-DF7D90322E78}.ReleaseWin8|Any CPU.Build.0 = Release|Any CPU
		{C2CB4A86-B77F-4D92-BB2B-DF7D90322E78}.ReleaseWin8|Mixed Platforms.ActiveCfg = Release|Any CPU
		{C2CB4A86-B77F-4D92-BB2B-DF7D90322E78}.ReleaseWin8|Mixed Platforms.Build.0 = Release|Any CPU
		{C2CB4A86-B77F-4D92-BB2B-DF7D90322E78}.ReleaseWin8|x86.ActiveCfg = Release|Any CPU
		{1EDC39F5-2612-4AD2-A7A6-2828B621E523}.Debug|Any CPU.ActiveCfg = Debug|Any CPU
		{1EDC39F5-2612-4AD2-A7A6-2828B621E523}.Debug|Any CPU.Build.0 = Debug|Any CPU
		{1EDC39F5-2612-4AD2-A7A6-2828B621E523}.Debug|Mixed Platforms.ActiveCfg = Debug|Any CPU
		{1EDC39F5-2612-4AD2-A7A6-2828B621E523}.Debug|Mixed Platforms.Build.0 = Debug|Any CPU
		{1EDC39F5-2612-4AD2-A7A6-2828B621E523}.Debug|x86.ActiveCfg = Debug|Any CPU
		{1EDC39F5-2612-4AD2-A7A6-2828B621E523}.Release|Any CPU.ActiveCfg = Release|Any CPU
		{1EDC39F5-2612-4AD2-A7A6-2828B621E523}.Release|Any CPU.Build.0 = Release|Any CPU
		{1EDC39F5-2612-4AD2-A7A6-2828B621E523}.Release|Mixed Platforms.ActiveCfg = Release|Any CPU
		{1EDC39F5-2612-4AD2-A7A6-2828B621E523}.Release|Mixed Platforms.Build.0 = Release|Any CPU
		{1EDC39F5-2612-4AD2-A7A6-2828B621E523}.Release|x86.ActiveCfg = Release|Any CPU
		{1EDC39F5-2612-4AD2-A7A6-2828B621E523}.ReleaseWin8|Any CPU.ActiveCfg = Release|Any CPU
		{1EDC39F5-2612-4AD2-A7A6-2828B621E523}.ReleaseWin8|Any CPU.Build.0 = Release|Any CPU
		{1EDC39F5-2612-4AD2-A7A6-2828B621E523}.ReleaseWin8|Mixed Platforms.ActiveCfg = Release|Any CPU
		{1EDC39F5-2612-4AD2-A7A6-2828B621E523}.ReleaseWin8|Mixed Platforms.Build.0 = Release|Any CPU
		{1EDC39F5-2612-4AD2-A7A6-2828B621E523}.ReleaseWin8|x86.ActiveCfg = Release|Any CPU
		{17FEE353-DEA7-47D5-AF8E-80E57806D65E}.Debug|Any CPU.ActiveCfg = Debug|Any CPU
		{17FEE353-DEA7-47D5-AF8E-80E57806D65E}.Debug|Any CPU.Build.0 = Debug|Any CPU
		{17FEE353-DEA7-47D5-AF8E-80E57806D65E}.Debug|Mixed Platforms.ActiveCfg = Debug|Any CPU
		{17FEE353-DEA7-47D5-AF8E-80E57806D65E}.Debug|Mixed Platforms.Build.0 = Debug|Any CPU
		{17FEE353-DEA7-47D5-AF8E-80E57806D65E}.Debug|x86.ActiveCfg = Debug|Any CPU
		{17FEE353-DEA7-47D5-AF8E-80E57806D65E}.Release|Any CPU.ActiveCfg = Release|Any CPU
		{17FEE353-DEA7-47D5-AF8E-80E57806D65E}.Release|Any CPU.Build.0 = Release|Any CPU
		{17FEE353-DEA7-47D5-AF8E-80E57806D65E}.Release|Mixed Platforms.ActiveCfg = Release|Any CPU
		{17FEE353-DEA7-47D5-AF8E-80E57806D65E}.Release|Mixed Platforms.Build.0 = Release|Any CPU
		{17FEE353-DEA7-47D5-AF8E-80E57806D65E}.Release|x86.ActiveCfg = Release|Any CPU
		{17FEE353-DEA7-47D5-AF8E-80E57806D65E}.ReleaseWin8|Any CPU.ActiveCfg = Release|Any CPU
		{17FEE353-DEA7-47D5-AF8E-80E57806D65E}.ReleaseWin8|Any CPU.Build.0 = Release|Any CPU
		{17FEE353-DEA7-47D5-AF8E-80E57806D65E}.ReleaseWin8|Mixed Platforms.ActiveCfg = Release|Any CPU
		{17FEE353-DEA7-47D5-AF8E-80E57806D65E}.ReleaseWin8|Mixed Platforms.Build.0 = Release|Any CPU
		{17FEE353-DEA7-47D5-AF8E-80E57806D65E}.ReleaseWin8|x86.ActiveCfg = Release|Any CPU
		{4024DBCB-AD5E-42DD-BA2C-5ADD791C95F7}.Debug|Any CPU.ActiveCfg = Debug|Any CPU
		{4024DBCB-AD5E-42DD-BA2C-5ADD791C95F7}.Debug|Any CPU.Build.0 = Debug|Any CPU
		{4024DBCB-AD5E-42DD-BA2C-5ADD791C95F7}.Debug|Mixed Platforms.ActiveCfg = Debug|Any CPU
		{4024DBCB-AD5E-42DD-BA2C-5ADD791C95F7}.Debug|x86.ActiveCfg = Debug|Any CPU
		{4024DBCB-AD5E-42DD-BA2C-5ADD791C95F7}.Release|Any CPU.ActiveCfg = Release|Any CPU
		{4024DBCB-AD5E-42DD-BA2C-5ADD791C95F7}.Release|Any CPU.Build.0 = Release|Any CPU
		{4024DBCB-AD5E-42DD-BA2C-5ADD791C95F7}.Release|Mixed Platforms.ActiveCfg = Release|Any CPU
		{4024DBCB-AD5E-42DD-BA2C-5ADD791C95F7}.Release|Mixed Platforms.Build.0 = Release|Any CPU
		{4024DBCB-AD5E-42DD-BA2C-5ADD791C95F7}.Release|x86.ActiveCfg = Release|Any CPU
		{4024DBCB-AD5E-42DD-BA2C-5ADD791C95F7}.ReleaseWin8|Any CPU.ActiveCfg = Release|Any CPU
		{4024DBCB-AD5E-42DD-BA2C-5ADD791C95F7}.ReleaseWin8|Mixed Platforms.ActiveCfg = Release|Any CPU
		{4024DBCB-AD5E-42DD-BA2C-5ADD791C95F7}.ReleaseWin8|x86.ActiveCfg = Release|Any CPU
		{DDF551F9-B27D-4283-BFA0-E7068E05967D}.Debug|Any CPU.ActiveCfg = Debug|Any CPU
		{DDF551F9-B27D-4283-BFA0-E7068E05967D}.Debug|Any CPU.Build.0 = Debug|Any CPU
		{DDF551F9-B27D-4283-BFA0-E7068E05967D}.Debug|Mixed Platforms.ActiveCfg = Debug|Any CPU
		{DDF551F9-B27D-4283-BFA0-E7068E05967D}.Debug|Mixed Platforms.Build.0 = Debug|Any CPU
		{DDF551F9-B27D-4283-BFA0-E7068E05967D}.Debug|x86.ActiveCfg = Debug|Any CPU
		{DDF551F9-B27D-4283-BFA0-E7068E05967D}.Release|Any CPU.ActiveCfg = Release|Any CPU
		{DDF551F9-B27D-4283-BFA0-E7068E05967D}.Release|Any CPU.Build.0 = Release|Any CPU
		{DDF551F9-B27D-4283-BFA0-E7068E05967D}.Release|Mixed Platforms.ActiveCfg = Release|Any CPU
		{DDF551F9-B27D-4283-BFA0-E7068E05967D}.Release|Mixed Platforms.Build.0 = Release|Any CPU
		{DDF551F9-B27D-4283-BFA0-E7068E05967D}.Release|x86.ActiveCfg = Release|Any CPU
		{DDF551F9-B27D-4283-BFA0-E7068E05967D}.ReleaseWin8|Any CPU.ActiveCfg = ReleaseWin8|Any CPU
		{DDF551F9-B27D-4283-BFA0-E7068E05967D}.ReleaseWin8|Any CPU.Build.0 = ReleaseWin8|Any CPU
		{DDF551F9-B27D-4283-BFA0-E7068E05967D}.ReleaseWin8|Mixed Platforms.ActiveCfg = ReleaseWin8|Any CPU
		{DDF551F9-B27D-4283-BFA0-E7068E05967D}.ReleaseWin8|Mixed Platforms.Build.0 = ReleaseWin8|Any CPU
		{DDF551F9-B27D-4283-BFA0-E7068E05967D}.ReleaseWin8|x86.ActiveCfg = ReleaseWin8|Any CPU
		{8C955148-FA96-4F0D-880D-ABB6770F54E9}.Debug|Any CPU.ActiveCfg = Debug|Any CPU
		{8C955148-FA96-4F0D-880D-ABB6770F54E9}.Debug|Any CPU.Build.0 = Debug|Any CPU
		{8C955148-FA96-4F0D-880D-ABB6770F54E9}.Debug|Mixed Platforms.ActiveCfg = Debug|Any CPU
		{8C955148-FA96-4F0D-880D-ABB6770F54E9}.Debug|Mixed Platforms.Build.0 = Debug|Any CPU
		{8C955148-FA96-4F0D-880D-ABB6770F54E9}.Debug|x86.ActiveCfg = Debug|Any CPU
		{8C955148-FA96-4F0D-880D-ABB6770F54E9}.Release|Any CPU.ActiveCfg = Release|Any CPU
		{8C955148-FA96-4F0D-880D-ABB6770F54E9}.Release|Any CPU.Build.0 = Release|Any CPU
		{8C955148-FA96-4F0D-880D-ABB6770F54E9}.Release|Mixed Platforms.ActiveCfg = Release|Any CPU
		{8C955148-FA96-4F0D-880D-ABB6770F54E9}.Release|Mixed Platforms.Build.0 = Release|Any CPU
		{8C955148-FA96-4F0D-880D-ABB6770F54E9}.Release|x86.ActiveCfg = Release|Any CPU
		{8C955148-FA96-4F0D-880D-ABB6770F54E9}.ReleaseWin8|Any CPU.ActiveCfg = Release|Any CPU
		{8C955148-FA96-4F0D-880D-ABB6770F54E9}.ReleaseWin8|Any CPU.Build.0 = Release|Any CPU
		{8C955148-FA96-4F0D-880D-ABB6770F54E9}.ReleaseWin8|Mixed Platforms.ActiveCfg = Release|Any CPU
		{8C955148-FA96-4F0D-880D-ABB6770F54E9}.ReleaseWin8|Mixed Platforms.Build.0 = Release|Any CPU
		{8C955148-FA96-4F0D-880D-ABB6770F54E9}.ReleaseWin8|x86.ActiveCfg = Release|Any CPU
	EndGlobalSection
	GlobalSection(SolutionProperties) = preSolution
		HideSolutionNode = FALSE
	EndGlobalSection
	GlobalSection(NestedProjects) = preSolution
		{AB657AEF-76E9-4AC6-BA18-47722A14C0FB} = {9C89F7D0-6B18-4FE7-8C34-8556142A371F}
		{D3701425-F12B-4F1E-B783-440597D4DBE5} = {AB657AEF-76E9-4AC6-BA18-47722A14C0FB}
		{6AA25A6B-7765-4D74-BDEE-1E9D36197E4E} = {AB657AEF-76E9-4AC6-BA18-47722A14C0FB}
		{63EE0BE6-87C5-4015-91A3-DB20A6E27C9A} = {AB657AEF-76E9-4AC6-BA18-47722A14C0FB}
		{534D59E2-CBE6-413E-BD58-51C9EC814C24} = {F87F5B35-3799-421B-95F6-3824AB6A3743}
		{8A29FBBC-928A-43C0-B089-C79DE60115EB} = {14E2F78C-981C-4D4D-8B52-4A7BD5D8225C}
		{3E62E7DA-A7CA-4536-A661-83138DF4E410} = {41915677-D287-4605-84E2-FB23C0E4D93F}
		{CA05379E-B1D3-49A6-BE3C-1E5819947E3A} = {41915677-D287-4605-84E2-FB23C0E4D93F}
		{3A10BDA4-D0BB-46E1-B560-35443D863E7B} = {CA05379E-B1D3-49A6-BE3C-1E5819947E3A}
		{691746DD-2EE5-4678-B001-275D84AF8D10} = {BCEFE150-9072-4047-AC13-A73012DC5B81}
		{77138947-1D13-4E22-AEE0-5D0DD046CA34} = {8A29FBBC-928A-43C0-B089-C79DE60115EB}
		{DE856812-A32C-4866-801E-AF396D711942} = {8A29FBBC-928A-43C0-B089-C79DE60115EB}
		{6ED61550-8E7A-42C6-9B30-380C6F97ED55} = {8A29FBBC-928A-43C0-B089-C79DE60115EB}
		{63C2168C-61F6-40ED-9933-CB0AF8297A3C} = {3E62E7DA-A7CA-4536-A661-83138DF4E410}
		{F87F5B35-3799-421B-95F6-3824AB6A3743} = {9C89F7D0-6B18-4FE7-8C34-8556142A371F}
		{79A24E5B-14B9-494B-80B4-ADAF39695065} = {41915677-D287-4605-84E2-FB23C0E4D93F}
		{E49C9F1F-3951-404D-924E-48A87CD38D49} = {79A24E5B-14B9-494B-80B4-ADAF39695065}
		{C5971A45-9936-4AA9-8DED-BBC89B212199} = {79A24E5B-14B9-494B-80B4-ADAF39695065}
		{8C7671BF-8C23-4227-BEE6-29ABEF882CDA} = {E49C9F1F-3951-404D-924E-48A87CD38D49}
		{B2139C11-8744-4AD8-8DF9-4D6997FBBE52} = {E49C9F1F-3951-404D-924E-48A87CD38D49}
		{B7AFADD1-D9F8-4C10-B789-4DF50FBE93FB} = {E49C9F1F-3951-404D-924E-48A87CD38D49}
		{C3A1F1B2-3B8C-4E31-9523-CA6049B035BE} = {1D191F02-C157-428D-AA44-B62E48E44840}
		{31769B78-09A7-4423-AE6F-CFD1A420DCDF} = {C3A1F1B2-3B8C-4E31-9523-CA6049B035BE}
		{1A2CC489-5477-4624-BF26-6AB2A46D7C9C} = {C3A1F1B2-3B8C-4E31-9523-CA6049B035BE}
		{6AF55250-F7D6-4DC0-A387-745F17960576} = {79A24E5B-14B9-494B-80B4-ADAF39695065}
		{ED970871-8D95-41DD-B3AA-7E92A44813E7} = {6AF55250-F7D6-4DC0-A387-745F17960576}
		{45C383AC-64A2-46FB-9055-B0B31422A0EA} = {6AF55250-F7D6-4DC0-A387-745F17960576}
		{5AA1607E-3502-4DD0-9A68-D438AE1B2E8B} = {6AF55250-F7D6-4DC0-A387-745F17960576}
		{FAF6D6B2-1EC9-4A1B-83BB-48F772E948CF} = {8A29FBBC-928A-43C0-B089-C79DE60115EB}
		{43435415-BA31-4E50-A921-55F6F5DEE654} = {79A24E5B-14B9-494B-80B4-ADAF39695065}
		{F217FB06-ECFC-499A-B34C-1E288BDD1E0F} = {CA05379E-B1D3-49A6-BE3C-1E5819947E3A}
		{7B2293B5-CE2C-4018-999E-E3FA3FAB7456} = {41915677-D287-4605-84E2-FB23C0E4D93F}
		{1539D82F-D447-4671-AEDD-B3F76A4FE118} = {43435415-BA31-4E50-A921-55F6F5DEE654}
		{FA2CD47A-E367-4B06-A7CD-DD5363A84AEA} = {7CA71734-A224-48DE-9099-8D3043284972}
		{7CA71734-A224-48DE-9099-8D3043284972} = {43435415-BA31-4E50-A921-55F6F5DEE654}
		{B993CDAD-46C4-4F55-BF31-8776370B8A01} = {7CA71734-A224-48DE-9099-8D3043284972}
		{8936CFBB-3B0C-48A2-8AFA-6F80D0181CE0} = {7B2293B5-CE2C-4018-999E-E3FA3FAB7456}
		{FC03D1FC-01B8-47BF-BB7B-66168880B415} = {7CA71734-A224-48DE-9099-8D3043284972}
		{D154F4B5-F4AD-430A-8DC7-3FDDE4EC536F} = {43435415-BA31-4E50-A921-55F6F5DEE654}
		{3D9CDCE1-69CB-460B-A4E1-4C024BCB2A20} = {43435415-BA31-4E50-A921-55F6F5DEE654}
		{8AB4E570-8B1A-4E5F-ACE5-F13BFD83487C} = {3E62E7DA-A7CA-4536-A661-83138DF4E410}
		{63DF0CC4-4B47-4949-ADB1-3FE838A7A5BE} = {41915677-D287-4605-84E2-FB23C0E4D93F}
		{2851AB75-6CC0-4037-90C2-AF8F2034FB02} = {63DF0CC4-4B47-4949-ADB1-3FE838A7A5BE}
		{C2CB4A86-B77F-4D92-BB2B-DF7D90322E78} = {C5971A45-9936-4AA9-8DED-BBC89B212199}
		{1EDC39F5-2612-4AD2-A7A6-2828B621E523} = {C5971A45-9936-4AA9-8DED-BBC89B212199}
		{17FEE353-DEA7-47D5-AF8E-80E57806D65E} = {CA05379E-B1D3-49A6-BE3C-1E5819947E3A}
		{4024DBCB-AD5E-42DD-BA2C-5ADD791C95F7} = {CA05379E-B1D3-49A6-BE3C-1E5819947E3A}
		{FF45F93E-4E0B-49A7-AADC-A6B312DF1478} = {14E2F78C-981C-4D4D-8B52-4A7BD5D8225C}
		{DDF551F9-B27D-4283-BFA0-E7068E05967D} = {FF45F93E-4E0B-49A7-AADC-A6B312DF1478}
		{8C955148-FA96-4F0D-880D-ABB6770F54E9} = {FF45F93E-4E0B-49A7-AADC-A6B312DF1478}
	EndGlobalSection
EndGlobal
