
Microsoft Visual Studio Solution File, Format Version 12.00
# Visual Studio 2010
Project("{FAE04EC0-301F-11D3-BF4B-00C04F79EFBC}") = "Lighter.Client", "Lighter.Client\Lighter.Client.csproj", "{311A97A2-AF39-411D-9658-0D0E70EE01C6}"
EndProject
Project("{2150E333-8FDC-42A3-9474-1A3956D46DE8}") = "Module", "Module", "{AB657AEF-76E9-4AC6-BA18-47722A14C0FB}"
EndProject
Project("{FAE04EC0-301F-11D3-BF4B-00C04F79EFBC}") = "Module.Base", "ModuleBase\Module.Base.csproj", "{D3701425-F12B-4F1E-B783-440597D4DBE5}"
EndProject
Project("{FAE04EC0-301F-11D3-BF4B-00C04F79EFBC}") = "Module.Common", "Module.Common\Module.Common.csproj", "{6AA25A6B-7765-4D74-BDEE-1E9D36197E4E}"
EndProject
Project("{FAE04EC0-301F-11D3-BF4B-00C04F79EFBC}") = "Module.UserManager", "Module.UserManager\Module.UserManager.csproj", "{63EE0BE6-87C5-4015-91A3-DB20A6E27C9A}"
EndProject
Project("{FAE04EC0-301F-11D3-BF4B-00C04F79EFBC}") = "Lighter.Infrastructure", "Lighter.Infrastructure\Lighter.Infrastructure.csproj", "{534D59E2-CBE6-413E-BD58-51C9EC814C24}"
EndProject
Project("{2150E333-8FDC-42A3-9474-1A3956D46DE8}") = "Prism4.1", "Prism4.1", "{8A29FBBC-928A-43C0-B089-C79DE60115EB}"
EndProject
Project("{2150E333-8FDC-42A3-9474-1A3956D46DE8}") = "Client", "Client", "{9C89F7D0-6B18-4FE7-8C34-8556142A371F}"
EndProject
Project("{2150E333-8FDC-42A3-9474-1A3956D46DE8}") = "Server", "Server", "{41915677-D287-4605-84E2-FB23C0E4D93F}"
EndProject
Project("{FAE04EC0-301F-11D3-BF4B-00C04F79EFBC}") = "Prism.Desktop", "E:\Enterprise Library\Prism\Prism_4_1_Source\PrismLibrary\Desktop\Prism\Prism.Desktop.csproj", "{77138947-1D13-4E22-AEE0-5D0DD046CA34}"
EndProject
Project("{FAE04EC0-301F-11D3-BF4B-00C04F79EFBC}") = "Prism.Interactivity", "E:\Enterprise Library\Prism\Prism_4_1_Source\PrismLibrary\Desktop\Prism.Interactivity\Prism.Interactivity.csproj", "{DE856812-A32C-4866-801E-AF396D711942}"
EndProject
Project("{FAE04EC0-301F-11D3-BF4B-00C04F79EFBC}") = "Prism.MefExtensions.Desktop", "E:\Enterprise Library\Prism\Prism_4_1_Source\PrismLibrary\Desktop\Prism.MefExtensions\Prism.MefExtensions.Desktop.csproj", "{6ED61550-8E7A-42C6-9B30-380C6F97ED55}"
EndProject
Project("{FAE04EC0-301F-11D3-BF4B-00C04F79EFBC}") = "Lighter.Server", "Lighter.Server\Lighter.Server.csproj", "{17495B30-0DC2-4D50-B9C9-E466542814D6}"
EndProject
Project("{2150E333-8FDC-42A3-9474-1A3956D46DE8}") = "Lib", "Lib", "{FA2056B9-7284-482A-8B54-96F228DC16E3}"
EndProject
Project("{2150E333-8FDC-42A3-9474-1A3956D46DE8}") = "Prism4.1", "Prism4.1", "{8B7DA7CF-F977-4B42-9874-5F9500B101AE}"
	ProjectSection(SolutionItems) = preProject
		Lib\Prism\Microsoft.Practices.Prism.dll = Lib\Prism\Microsoft.Practices.Prism.dll
		Lib\Prism\Microsoft.Practices.Prism.Interactivity.dll = Lib\Prism\Microsoft.Practices.Prism.Interactivity.dll
		Lib\Prism\Microsoft.Practices.Prism.Interactivity.XML = Lib\Prism\Microsoft.Practices.Prism.Interactivity.XML
		Lib\Prism\Microsoft.Practices.Prism.MefExtensions.dll = Lib\Prism\Microsoft.Practices.Prism.MefExtensions.dll
		Lib\Prism\Microsoft.Practices.Prism.MefExtensions.XML = Lib\Prism\Microsoft.Practices.Prism.MefExtensions.XML
		Lib\Prism\Microsoft.Practices.Prism.XML = Lib\Prism\Microsoft.Practices.Prism.XML
		Lib\Prism\Microsoft.Practices.ServiceLocation.dll = Lib\Prism\Microsoft.Practices.ServiceLocation.dll
		Lib\Prism\Microsoft.Practices.ServiceLocation.XML = Lib\Prism\Microsoft.Practices.ServiceLocation.XML
	EndProjectSection
EndProject
Project("{2150E333-8FDC-42A3-9474-1A3956D46DE8}") = "Common", "Common", "{BCEFE150-9072-4047-AC13-A73012DC5B81}"
EndProject
Project("{2150E333-8FDC-42A3-9474-1A3956D46DE8}") = "Models", "Models", "{D71C97F5-A4D1-459C-89DA-5313B8AEF1EF}"
EndProject
Project("{2150E333-8FDC-42A3-9474-1A3956D46DE8}") = "BLL", "BLL", "{0DBA9A7D-508D-4992-9CB7-926A8F1C2625}"
EndProject
Project("{2150E333-8FDC-42A3-9474-1A3956D46DE8}") = "Service", "Service", "{3E62E7DA-A7CA-4536-A661-83138DF4E410}"
EndProject
Project("{2150E333-8FDC-42A3-9474-1A3956D46DE8}") = "DAL", "DAL", "{CF04BCA6-E30A-4097-9E8B-5C12DC59762C}"
EndProject
Project("{FAE04EC0-301F-11D3-BF4B-00C04F79EFBC}") = "Lighter.Service", "Lighter.Service\Lighter.Service.csproj", "{8C7671BF-8C23-4227-BEE6-29ABEF882CDA}"
EndProject
Project("{FAE04EC0-301F-11D3-BF4B-00C04F79EFBC}") = "Lighter.Model", "Lighter.Model\Lighter.Model.csproj", "{4212F129-3432-4022-9126-21A304826C81}"
EndProject
Project("{2150E333-8FDC-42A3-9474-1A3956D46DE8}") = "Infrastructure", "Infrastructure", "{CA05379E-B1D3-49A6-BE3C-1E5819947E3A}"
EndProject
Project("{FAE04EC0-301F-11D3-BF4B-00C04F79EFBC}") = "Lighter.Server.Infrastructure", "Lighter.Server.Infrastructure\Lighter.Server.Infrastructure.csproj", "{3A10BDA4-D0BB-46E1-B560-35443D863E7B}"
EndProject
Project("{FAE04EC0-301F-11D3-BF4B-00C04F79EFBC}") = "Utility", "Utility\Utility.csproj", "{691746DD-2EE5-4678-B001-275D84AF8D10}"
EndProject
Project("{2150E333-8FDC-42A3-9474-1A3956D46DE8}") = "EntityFramework.6.0", "EntityFramework.6.0", "{51D539B9-5DB1-4ED0-AE01-F260CA466843}"
	ProjectSection(SolutionItems) = preProject
		Lib\EntityFramework.6.0\EntityFramework.dll = Lib\EntityFramework.6.0\EntityFramework.dll
		Lib\EntityFramework.6.0\EntityFramework.SqlServer.dll = Lib\EntityFramework.6.0\EntityFramework.SqlServer.dll
		Lib\EntityFramework.6.0\EntityFramework.SqlServer.xml = Lib\EntityFramework.6.0\EntityFramework.SqlServer.xml
		Lib\EntityFramework.6.0\EntityFramework.xml = Lib\EntityFramework.6.0\EntityFramework.xml
	EndProjectSection
EndProject
Global
	GlobalSection(SolutionConfigurationPlatforms) = preSolution
		Debug|Any CPU = Debug|Any CPU
		Debug|Mixed Platforms = Debug|Mixed Platforms
		Debug|x86 = Debug|x86
		Release|Any CPU = Release|Any CPU
		Release|Mixed Platforms = Release|Mixed Platforms
		Release|x86 = Release|x86
	EndGlobalSection
	GlobalSection(ProjectConfigurationPlatforms) = postSolution
		{311A97A2-AF39-411D-9658-0D0E70EE01C6}.Debug|Any CPU.ActiveCfg = Debug|x86
		{311A97A2-AF39-411D-9658-0D0E70EE01C6}.Debug|Mixed Platforms.ActiveCfg = Debug|x86
		{311A97A2-AF39-411D-9658-0D0E70EE01C6}.Debug|Mixed Platforms.Build.0 = Debug|x86
		{311A97A2-AF39-411D-9658-0D0E70EE01C6}.Debug|x86.ActiveCfg = Debug|x86
		{311A97A2-AF39-411D-9658-0D0E70EE01C6}.Debug|x86.Build.0 = Debug|x86
		{311A97A2-AF39-411D-9658-0D0E70EE01C6}.Release|Any CPU.ActiveCfg = Release|x86
		{311A97A2-AF39-411D-9658-0D0E70EE01C6}.Release|Mixed Platforms.ActiveCfg = Release|x86
		{311A97A2-AF39-411D-9658-0D0E70EE01C6}.Release|Mixed Platforms.Build.0 = Release|x86
		{311A97A2-AF39-411D-9658-0D0E70EE01C6}.Release|x86.ActiveCfg = Release|x86
		{311A97A2-AF39-411D-9658-0D0E70EE01C6}.Release|x86.Build.0 = Release|x86
		{D3701425-F12B-4F1E-B783-440597D4DBE5}.Debug|Any CPU.ActiveCfg = Debug|Any CPU
		{D3701425-F12B-4F1E-B783-440597D4DBE5}.Debug|Any CPU.Build.0 = Debug|Any CPU
		{D3701425-F12B-4F1E-B783-440597D4DBE5}.Debug|Mixed Platforms.ActiveCfg = Debug|Any CPU
		{D3701425-F12B-4F1E-B783-440597D4DBE5}.Debug|Mixed Platforms.Build.0 = Debug|Any CPU
		{D3701425-F12B-4F1E-B783-440597D4DBE5}.Debug|x86.ActiveCfg = Debug|Any CPU
		{D3701425-F12B-4F1E-B783-440597D4DBE5}.Release|Any CPU.ActiveCfg = Release|Any CPU
		{D3701425-F12B-4F1E-B783-440597D4DBE5}.Release|Any CPU.Build.0 = Release|Any CPU
		{D3701425-F12B-4F1E-B783-440597D4DBE5}.Release|Mixed Platforms.ActiveCfg = Release|Any CPU
		{D3701425-F12B-4F1E-B783-440597D4DBE5}.Release|Mixed Platforms.Build.0 = Release|Any CPU
		{D3701425-F12B-4F1E-B783-440597D4DBE5}.Release|x86.ActiveCfg = Release|Any CPU
		{6AA25A6B-7765-4D74-BDEE-1E9D36197E4E}.Debug|Any CPU.ActiveCfg = Debug|Any CPU
		{6AA25A6B-7765-4D74-BDEE-1E9D36197E4E}.Debug|Any CPU.Build.0 = Debug|Any CPU
		{6AA25A6B-7765-4D74-BDEE-1E9D36197E4E}.Debug|Mixed Platforms.ActiveCfg = Debug|Any CPU
		{6AA25A6B-7765-4D74-BDEE-1E9D36197E4E}.Debug|Mixed Platforms.Build.0 = Debug|Any CPU
		{6AA25A6B-7765-4D74-BDEE-1E9D36197E4E}.Debug|x86.ActiveCfg = Debug|Any CPU
		{6AA25A6B-7765-4D74-BDEE-1E9D36197E4E}.Release|Any CPU.ActiveCfg = Release|Any CPU
		{6AA25A6B-7765-4D74-BDEE-1E9D36197E4E}.Release|Any CPU.Build.0 = Release|Any CPU
		{6AA25A6B-7765-4D74-BDEE-1E9D36197E4E}.Release|Mixed Platforms.ActiveCfg = Release|Any CPU
		{6AA25A6B-7765-4D74-BDEE-1E9D36197E4E}.Release|Mixed Platforms.Build.0 = Release|Any CPU
		{6AA25A6B-7765-4D74-BDEE-1E9D36197E4E}.Release|x86.ActiveCfg = Release|Any CPU
		{63EE0BE6-87C5-4015-91A3-DB20A6E27C9A}.Debug|Any CPU.ActiveCfg = Debug|Any CPU
		{63EE0BE6-87C5-4015-91A3-DB20A6E27C9A}.Debug|Any CPU.Build.0 = Debug|Any CPU
		{63EE0BE6-87C5-4015-91A3-DB20A6E27C9A}.Debug|Mixed Platforms.ActiveCfg = Debug|Any CPU
		{63EE0BE6-87C5-4015-91A3-DB20A6E27C9A}.Debug|Mixed Platforms.Build.0 = Debug|Any CPU
		{63EE0BE6-87C5-4015-91A3-DB20A6E27C9A}.Debug|x86.ActiveCfg = Debug|Any CPU
		{63EE0BE6-87C5-4015-91A3-DB20A6E27C9A}.Release|Any CPU.ActiveCfg = Release|Any CPU
		{63EE0BE6-87C5-4015-91A3-DB20A6E27C9A}.Release|Any CPU.Build.0 = Release|Any CPU
		{63EE0BE6-87C5-4015-91A3-DB20A6E27C9A}.Release|Mixed Platforms.ActiveCfg = Release|Any CPU
		{63EE0BE6-87C5-4015-91A3-DB20A6E27C9A}.Release|Mixed Platforms.Build.0 = Release|Any CPU
		{63EE0BE6-87C5-4015-91A3-DB20A6E27C9A}.Release|x86.ActiveCfg = Release|Any CPU
		{534D59E2-CBE6-413E-BD58-51C9EC814C24}.Debug|Any CPU.ActiveCfg = Debug|Any CPU
		{534D59E2-CBE6-413E-BD58-51C9EC814C24}.Debug|Any CPU.Build.0 = Debug|Any CPU
		{534D59E2-CBE6-413E-BD58-51C9EC814C24}.Debug|Mixed Platforms.ActiveCfg = Debug|Any CPU
		{534D59E2-CBE6-413E-BD58-51C9EC814C24}.Debug|Mixed Platforms.Build.0 = Debug|Any CPU
		{534D59E2-CBE6-413E-BD58-51C9EC814C24}.Debug|x86.ActiveCfg = Debug|Any CPU
		{534D59E2-CBE6-413E-BD58-51C9EC814C24}.Release|Any CPU.ActiveCfg = Release|Any CPU
		{534D59E2-CBE6-413E-BD58-51C9EC814C24}.Release|Any CPU.Build.0 = Release|Any CPU
		{534D59E2-CBE6-413E-BD58-51C9EC814C24}.Release|Mixed Platforms.ActiveCfg = Release|Any CPU
		{534D59E2-CBE6-413E-BD58-51C9EC814C24}.Release|Mixed Platforms.Build.0 = Release|Any CPU
		{534D59E2-CBE6-413E-BD58-51C9EC814C24}.Release|x86.ActiveCfg = Release|Any CPU
		{77138947-1D13-4E22-AEE0-5D0DD046CA34}.Debug|Any CPU.ActiveCfg = Debug|Any CPU
		{77138947-1D13-4E22-AEE0-5D0DD046CA34}.Debug|Any CPU.Build.0 = Debug|Any CPU
		{77138947-1D13-4E22-AEE0-5D0DD046CA34}.Debug|Mixed Platforms.ActiveCfg = Debug|Any CPU
		{77138947-1D13-4E22-AEE0-5D0DD046CA34}.Debug|Mixed Platforms.Build.0 = Debug|Any CPU
		{77138947-1D13-4E22-AEE0-5D0DD046CA34}.Debug|x86.ActiveCfg = Debug|Any CPU
		{77138947-1D13-4E22-AEE0-5D0DD046CA34}.Release|Any CPU.ActiveCfg = Release|Any CPU
		{77138947-1D13-4E22-AEE0-5D0DD046CA34}.Release|Any CPU.Build.0 = Release|Any CPU
		{77138947-1D13-4E22-AEE0-5D0DD046CA34}.Release|Mixed Platforms.ActiveCfg = Release|Any CPU
		{77138947-1D13-4E22-AEE0-5D0DD046CA34}.Release|Mixed Platforms.Build.0 = Release|Any CPU
		{77138947-1D13-4E22-AEE0-5D0DD046CA34}.Release|x86.ActiveCfg = Release|Any CPU
		{DE856812-A32C-4866-801E-AF396D711942}.Debug|Any CPU.ActiveCfg = Debug|Any CPU
		{DE856812-A32C-4866-801E-AF396D711942}.Debug|Any CPU.Build.0 = Debug|Any CPU
		{DE856812-A32C-4866-801E-AF396D711942}.Debug|Mixed Platforms.ActiveCfg = Debug|Any CPU
		{DE856812-A32C-4866-801E-AF396D711942}.Debug|Mixed Platforms.Build.0 = Debug|Any CPU
		{DE856812-A32C-4866-801E-AF396D711942}.Debug|x86.ActiveCfg = Debug|Any CPU
		{DE856812-A32C-4866-801E-AF396D711942}.Release|Any CPU.ActiveCfg = Release|Any CPU
		{DE856812-A32C-4866-801E-AF396D711942}.Release|Any CPU.Build.0 = Release|Any CPU
		{DE856812-A32C-4866-801E-AF396D711942}.Release|Mixed Platforms.ActiveCfg = Release|Any CPU
		{DE856812-A32C-4866-801E-AF396D711942}.Release|Mixed Platforms.Build.0 = Release|Any CPU
		{DE856812-A32C-4866-801E-AF396D711942}.Release|x86.ActiveCfg = Release|Any CPU
		{6ED61550-8E7A-42C6-9B30-380C6F97ED55}.Debug|Any CPU.ActiveCfg = Debug|Any CPU
		{6ED61550-8E7A-42C6-9B30-380C6F97ED55}.Debug|Any CPU.Build.0 = Debug|Any CPU
		{6ED61550-8E7A-42C6-9B30-380C6F97ED55}.Debug|Mixed Platforms.ActiveCfg = Debug|Any CPU
		{6ED61550-8E7A-42C6-9B30-380C6F97ED55}.Debug|Mixed Platforms.Build.0 = Debug|Any CPU
		{6ED61550-8E7A-42C6-9B30-380C6F97ED55}.Debug|x86.ActiveCfg = Debug|Any CPU
		{6ED61550-8E7A-42C6-9B30-380C6F97ED55}.Release|Any CPU.ActiveCfg = Release|Any CPU
		{6ED61550-8E7A-42C6-9B30-380C6F97ED55}.Release|Any CPU.Build.0 = Release|Any CPU
		{6ED61550-8E7A-42C6-9B30-380C6F97ED55}.Release|Mixed Platforms.ActiveCfg = Release|Any CPU
		{6ED61550-8E7A-42C6-9B30-380C6F97ED55}.Release|Mixed Platforms.Build.0 = Release|Any CPU
		{6ED61550-8E7A-42C6-9B30-380C6F97ED55}.Release|x86.ActiveCfg = Release|Any CPU
		{17495B30-0DC2-4D50-B9C9-E466542814D6}.Debug|Any CPU.ActiveCfg = Debug|Any CPU
		{17495B30-0DC2-4D50-B9C9-E466542814D6}.Debug|Any CPU.Build.0 = Debug|Any CPU
		{17495B30-0DC2-4D50-B9C9-E466542814D6}.Debug|Mixed Platforms.ActiveCfg = Debug|Any CPU
		{17495B30-0DC2-4D50-B9C9-E466542814D6}.Debug|Mixed Platforms.Build.0 = Debug|Any CPU
		{17495B30-0DC2-4D50-B9C9-E466542814D6}.Debug|x86.ActiveCfg = Debug|Any CPU
		{17495B30-0DC2-4D50-B9C9-E466542814D6}.Release|Any CPU.ActiveCfg = Release|Any CPU
		{17495B30-0DC2-4D50-B9C9-E466542814D6}.Release|Any CPU.Build.0 = Release|Any CPU
		{17495B30-0DC2-4D50-B9C9-E466542814D6}.Release|Mixed Platforms.ActiveCfg = Release|Any CPU
		{17495B30-0DC2-4D50-B9C9-E466542814D6}.Release|Mixed Platforms.Build.0 = Release|Any CPU
		{17495B30-0DC2-4D50-B9C9-E466542814D6}.Release|x86.ActiveCfg = Release|Any CPU
		{8C7671BF-8C23-4227-BEE6-29ABEF882CDA}.Debug|Any CPU.ActiveCfg = Debug|Any CPU
		{8C7671BF-8C23-4227-BEE6-29ABEF882CDA}.Debug|Any CPU.Build.0 = Debug|Any CPU
		{8C7671BF-8C23-4227-BEE6-29ABEF882CDA}.Debug|Mixed Platforms.ActiveCfg = Debug|Any CPU
		{8C7671BF-8C23-4227-BEE6-29ABEF882CDA}.Debug|Mixed Platforms.Build.0 = Debug|Any CPU
		{8C7671BF-8C23-4227-BEE6-29ABEF882CDA}.Debug|x86.ActiveCfg = Debug|Any CPU
		{8C7671BF-8C23-4227-BEE6-29ABEF882CDA}.Release|Any CPU.ActiveCfg = Release|Any CPU
		{8C7671BF-8C23-4227-BEE6-29ABEF882CDA}.Release|Any CPU.Build.0 = Release|Any CPU
		{8C7671BF-8C23-4227-BEE6-29ABEF882CDA}.Release|Mixed Platforms.ActiveCfg = Release|Any CPU
		{8C7671BF-8C23-4227-BEE6-29ABEF882CDA}.Release|Mixed Platforms.Build.0 = Release|Any CPU
		{8C7671BF-8C23-4227-BEE6-29ABEF882CDA}.Release|x86.ActiveCfg = Release|Any CPU
		{4212F129-3432-4022-9126-21A304826C81}.Debug|Any CPU.ActiveCfg = Debug|Any CPU
		{4212F129-3432-4022-9126-21A304826C81}.Debug|Any CPU.Build.0 = Debug|Any CPU
		{4212F129-3432-4022-9126-21A304826C81}.Debug|Mixed Platforms.ActiveCfg = Debug|Any CPU
		{4212F129-3432-4022-9126-21A304826C81}.Debug|Mixed Platforms.Build.0 = Debug|Any CPU
		{4212F129-3432-4022-9126-21A304826C81}.Debug|x86.ActiveCfg = Debug|Any CPU
		{4212F129-3432-4022-9126-21A304826C81}.Release|Any CPU.ActiveCfg = Release|Any CPU
		{4212F129-3432-4022-9126-21A304826C81}.Release|Any CPU.Build.0 = Release|Any CPU
		{4212F129-3432-4022-9126-21A304826C81}.Release|Mixed Platforms.ActiveCfg = Release|Any CPU
		{4212F129-3432-4022-9126-21A304826C81}.Release|Mixed Platforms.Build.0 = Release|Any CPU
		{4212F129-3432-4022-9126-21A304826C81}.Release|x86.ActiveCfg = Release|Any CPU
		{3A10BDA4-D0BB-46E1-B560-35443D863E7B}.Debug|Any CPU.ActiveCfg = Debug|Any CPU
		{3A10BDA4-D0BB-46E1-B560-35443D863E7B}.Debug|Any CPU.Build.0 = Debug|Any CPU
		{3A10BDA4-D0BB-46E1-B560-35443D863E7B}.Debug|Mixed Platforms.ActiveCfg = Debug|Any CPU
		{3A10BDA4-D0BB-46E1-B560-35443D863E7B}.Debug|Mixed Platforms.Build.0 = Debug|Any CPU
		{3A10BDA4-D0BB-46E1-B560-35443D863E7B}.Debug|x86.ActiveCfg = Debug|Any CPU
		{3A10BDA4-D0BB-46E1-B560-35443D863E7B}.Release|Any CPU.ActiveCfg = Release|Any CPU
		{3A10BDA4-D0BB-46E1-B560-35443D863E7B}.Release|Any CPU.Build.0 = Release|Any CPU
		{3A10BDA4-D0BB-46E1-B560-35443D863E7B}.Release|Mixed Platforms.ActiveCfg = Release|Any CPU
		{3A10BDA4-D0BB-46E1-B560-35443D863E7B}.Release|Mixed Platforms.Build.0 = Release|Any CPU
		{3A10BDA4-D0BB-46E1-B560-35443D863E7B}.Release|x86.ActiveCfg = Release|Any CPU
		{691746DD-2EE5-4678-B001-275D84AF8D10}.Debug|Any CPU.ActiveCfg = Debug|Any CPU
		{691746DD-2EE5-4678-B001-275D84AF8D10}.Debug|Any CPU.Build.0 = Debug|Any CPU
		{691746DD-2EE5-4678-B001-275D84AF8D10}.Debug|Mixed Platforms.ActiveCfg = Debug|Any CPU
		{691746DD-2EE5-4678-B001-275D84AF8D10}.Debug|Mixed Platforms.Build.0 = Debug|Any CPU
		{691746DD-2EE5-4678-B001-275D84AF8D10}.Debug|x86.ActiveCfg = Debug|Any CPU
		{691746DD-2EE5-4678-B001-275D84AF8D10}.Release|Any CPU.ActiveCfg = Release|Any CPU
		{691746DD-2EE5-4678-B001-275D84AF8D10}.Release|Any CPU.Build.0 = Release|Any CPU
		{691746DD-2EE5-4678-B001-275D84AF8D10}.Release|Mixed Platforms.ActiveCfg = Release|Any CPU
		{691746DD-2EE5-4678-B001-275D84AF8D10}.Release|Mixed Platforms.Build.0 = Release|Any CPU
		{691746DD-2EE5-4678-B001-275D84AF8D10}.Release|x86.ActiveCfg = Release|Any CPU
	EndGlobalSection
	GlobalSection(SolutionProperties) = preSolution
		HideSolutionNode = FALSE
	EndGlobalSection
	GlobalSection(NestedProjects) = preSolution
		{AB657AEF-76E9-4AC6-BA18-47722A14C0FB} = {9C89F7D0-6B18-4FE7-8C34-8556142A371F}
		{534D59E2-CBE6-413E-BD58-51C9EC814C24} = {9C89F7D0-6B18-4FE7-8C34-8556142A371F}
		{6AA25A6B-7765-4D74-BDEE-1E9D36197E4E} = {AB657AEF-76E9-4AC6-BA18-47722A14C0FB}
		{63EE0BE6-87C5-4015-91A3-DB20A6E27C9A} = {AB657AEF-76E9-4AC6-BA18-47722A14C0FB}
		{D3701425-F12B-4F1E-B783-440597D4DBE5} = {AB657AEF-76E9-4AC6-BA18-47722A14C0FB}
		{77138947-1D13-4E22-AEE0-5D0DD046CA34} = {8A29FBBC-928A-43C0-B089-C79DE60115EB}
		{DE856812-A32C-4866-801E-AF396D711942} = {8A29FBBC-928A-43C0-B089-C79DE60115EB}
		{6ED61550-8E7A-42C6-9B30-380C6F97ED55} = {8A29FBBC-928A-43C0-B089-C79DE60115EB}
		{D71C97F5-A4D1-459C-89DA-5313B8AEF1EF} = {41915677-D287-4605-84E2-FB23C0E4D93F}
		{0DBA9A7D-508D-4992-9CB7-926A8F1C2625} = {41915677-D287-4605-84E2-FB23C0E4D93F}
		{3E62E7DA-A7CA-4536-A661-83138DF4E410} = {41915677-D287-4605-84E2-FB23C0E4D93F}
		{CF04BCA6-E30A-4097-9E8B-5C12DC59762C} = {41915677-D287-4605-84E2-FB23C0E4D93F}
		{CA05379E-B1D3-49A6-BE3C-1E5819947E3A} = {41915677-D287-4605-84E2-FB23C0E4D93F}
		{8B7DA7CF-F977-4B42-9874-5F9500B101AE} = {FA2056B9-7284-482A-8B54-96F228DC16E3}
		{51D539B9-5DB1-4ED0-AE01-F260CA466843} = {FA2056B9-7284-482A-8B54-96F228DC16E3}
		{691746DD-2EE5-4678-B001-275D84AF8D10} = {BCEFE150-9072-4047-AC13-A73012DC5B81}
		{4212F129-3432-4022-9126-21A304826C81} = {D71C97F5-A4D1-459C-89DA-5313B8AEF1EF}
		{8C7671BF-8C23-4227-BEE6-29ABEF882CDA} = {3E62E7DA-A7CA-4536-A661-83138DF4E410}
		{3A10BDA4-D0BB-46E1-B560-35443D863E7B} = {CA05379E-B1D3-49A6-BE3C-1E5819947E3A}
	EndGlobalSection
EndGlobal
